
Microsoft Visual Studio Solution File, Format Version 12.00
# Visual Studio Version 17
VisualStudioVersion = 17.1.32210.238
MinimumVisualStudioVersion = 10.0.40219.1
Project("{8BC9CEB8-8B4A-11D0-8D11-00A0C91BC942}") = "baseclasses", "3rdparty\baseclasses\baseclasses.vcxproj", "{6FAEFF0E-F5CD-4E5B-9258-DEE9797C7EF7}"
EndProject
Project("{2150E333-8FDC-42A3-9474-1A3956D46DE8}") = "3rdparty", "3rdparty", "{BB1E1A52-66FF-42AC-B128-C69DC761130F}"
EndProject
Project("{FAE04EC0-301F-11D3-BF4B-00C04F79EFBC}") = "sharpzlib", "3rdparty\sharpziplib\sharpzlib.csproj", "{0E7413FF-EB9E-4714-ACF2-BE3A6A7B2FFD}"
EndProject
Project("{8BC9CEB8-8B4A-11D0-8D11-00A0C91BC942}") = "zlib", "3rdparty\zlib\zlib.vcxproj", "{5746FC94-510F-454B-96B8-AE85314E5840}"
EndProject
Project("{8BC9CEB8-8B4A-11D0-8D11-00A0C91BC942}") = "a52dec", "3rdparty\a52dec\a52dec.vcxproj", "{8679F62B-969D-442E-A551-C866DAC1167C}"
EndProject
Project("{8BC9CEB8-8B4A-11D0-8D11-00A0C91BC942}") = "dtsdec", "3rdparty\dtsdec\dtsdec.vcxproj", "{D389EF7C-6E51-4A05-B62B-64AB8CC8D640}"
EndProject
Project("{8BC9CEB8-8B4A-11D0-8D11-00A0C91BC942}") = "libfaad2", "3rdparty\libfaad2\libfaad2.vcxproj", "{A589A6B4-BDAB-48CC-8220-909E18AFE065}"
EndProject
Project("{8BC9CEB8-8B4A-11D0-8D11-00A0C91BC942}") = "libmad", "3rdparty\libmad\libmad.vcxproj", "{394E6AF7-B75B-4073-910E-D9A79DA9C6D3}"
EndProject
Project("{8BC9CEB8-8B4A-11D0-8D11-00A0C91BC942}") = "libvorbis", "3rdparty\libvorbis\libvorbis.vcxproj", "{49C19FCD-8AD9-40D7-AF88-C9285288F192}"
EndProject
Project("{8BC9CEB8-8B4A-11D0-8D11-00A0C91BC942}") = "bento4", "3rdparty\bento4\bento4.vcxproj", "{25C839B2-CF74-4E90-AFD0-0A661BFB7D01}"
	ProjectSection(ProjectDependencies) = postProject
		{5746FC94-510F-454B-96B8-AE85314E5840} = {5746FC94-510F-454B-96B8-AE85314E5840}
	EndProjectSection
EndProject
Project("{2150E333-8FDC-42A3-9474-1A3956D46DE8}") = "homesys", "homesys", "{33165740-6CE6-4E2F-98BA-9911378B3B4F}"
EndProject
Project("{8BC9CEB8-8B4A-11D0-8D11-00A0C91BC942}") = "directshow", "directshow\directshow.vcxproj", "{799AF117-46C8-4120-8649-25E49AFB22FB}"
	ProjectSection(ProjectDependencies) = postProject
		{C4687504-B9C5-4FC0-8B24-B01CD475E88E} = {C4687504-B9C5-4FC0-8B24-B01CD475E88E}
		{6FAEFF0E-F5CD-4E5B-9258-DEE9797C7EF7} = {6FAEFF0E-F5CD-4E5B-9258-DEE9797C7EF7}
		{EEE4DE1D-35B2-4D0B-B35C-C71449E71D96} = {EEE4DE1D-35B2-4D0B-B35C-C71449E71D96}
		{8679F62B-969D-442E-A551-C866DAC1167C} = {8679F62B-969D-442E-A551-C866DAC1167C}
		{C44D565B-5820-4EE5-8311-7D6D25AD3773} = {C44D565B-5820-4EE5-8311-7D6D25AD3773}
		{2DEA036B-06D7-462B-81CD-FD4D0304B284} = {2DEA036B-06D7-462B-81CD-FD4D0304B284}
		{A0CB4C72-1C11-4D59-94A0-2D6C65EEABD0} = {A0CB4C72-1C11-4D59-94A0-2D6C65EEABD0}
		{D389EF7C-6E51-4A05-B62B-64AB8CC8D640} = {D389EF7C-6E51-4A05-B62B-64AB8CC8D640}
		{D2BD4A88-7099-4BCD-AE2C-4E6DB256F402} = {D2BD4A88-7099-4BCD-AE2C-4E6DB256F402}
		{5746FC94-510F-454B-96B8-AE85314E5840} = {5746FC94-510F-454B-96B8-AE85314E5840}
		{F19F28AC-4BFF-4620-90A5-DBA4ADB52561} = {F19F28AC-4BFF-4620-90A5-DBA4ADB52561}
		{25C839B2-CF74-4E90-AFD0-0A661BFB7D01} = {25C839B2-CF74-4E90-AFD0-0A661BFB7D01}
		{A589A6B4-BDAB-48CC-8220-909E18AFE065} = {A589A6B4-BDAB-48CC-8220-909E18AFE065}
		{8A5305B8-C956-4240-B9EB-8FA4DD4DEEC8} = {8A5305B8-C956-4240-B9EB-8FA4DD4DEEC8}
		{44CEFCCA-C98A-44F6-8440-8083C738F920} = {44CEFCCA-C98A-44F6-8440-8083C738F920}
		{49C19FCD-8AD9-40D7-AF88-C9285288F192} = {49C19FCD-8AD9-40D7-AF88-C9285288F192}
		{02F891EC-5D66-4FE4-B00E-83739B53F748} = {02F891EC-5D66-4FE4-B00E-83739B53F748}
		{394E6AF7-B75B-4073-910E-D9A79DA9C6D3} = {394E6AF7-B75B-4073-910E-D9A79DA9C6D3}
	EndProjectSection
EndProject
Project("{8BC9CEB8-8B4A-11D0-8D11-00A0C91BC942}") = "xbyak", "3rdparty\xbyak\xbyak.vcxproj", "{02F891EC-5D66-4FE4-B00E-83739B53F748}"
EndProject
Project("{8BC9CEB8-8B4A-11D0-8D11-00A0C91BC942}") = "test", "test\test.vcxproj", "{2FD69E18-48CC-4530-BD1D-AEF10B9E701E}"
	ProjectSection(ProjectDependencies) = postProject
		{799AF117-46C8-4120-8649-25E49AFB22FB} = {799AF117-46C8-4120-8649-25E49AFB22FB}
		{A0CB4C72-1C11-4D59-94A0-2D6C65EEABD0} = {A0CB4C72-1C11-4D59-94A0-2D6C65EEABD0}
		{C35AE0E0-B7C1-4438-9CBF-ED5BDA62D922} = {C35AE0E0-B7C1-4438-9CBF-ED5BDA62D922}
	EndProjectSection
EndProject
Project("{8BC9CEB8-8B4A-11D0-8D11-00A0C91BC942}") = "decss", "3rdparty\decss\decss.vcxproj", "{F19F28AC-4BFF-4620-90A5-DBA4ADB52561}"
EndProject
Project("{FAE04EC0-301F-11D3-BF4B-00C04F79EFBC}") = "service", "homesys\service\service.csproj", "{1C97DE37-B221-4724-829F-0180AD20DDDB}"
	ProjectSection(ProjectDependencies) = postProject
		{0873BB1E-F7E5-4104-9A4F-E66FD891A407} = {0873BB1E-F7E5-4104-9A4F-E66FD891A407}
	EndProjectSection
EndProject
Project("{8BC9CEB8-8B4A-11D0-8D11-00A0C91BC942}") = "tuner", "homesys\tuner\tuner.vcxproj", "{0873BB1E-F7E5-4104-9A4F-E66FD891A407}"
	ProjectSection(ProjectDependencies) = postProject
		{799AF117-46C8-4120-8649-25E49AFB22FB} = {799AF117-46C8-4120-8649-25E49AFB22FB}
		{019F28AC-4BFF-4620-90A5-DBA4ADB52561} = {019F28AC-4BFF-4620-90A5-DBA4ADB52561}
	EndProjectSection
EndProject
Project("{8BC9CEB8-8B4A-11D0-8D11-00A0C91BC942}") = "util", "util\util.vcxproj", "{C4687504-B9C5-4FC0-8B24-B01CD475E88E}"
EndProject
Project("{8BC9CEB8-8B4A-11D0-8D11-00A0C91BC942}") = "subtitle", "subtitle\subtitle.vcxproj", "{A0CB4C72-1C11-4D59-94A0-2D6C65EEABD0}"
	ProjectSection(ProjectDependencies) = postProject
		{C4687504-B9C5-4FC0-8B24-B01CD475E88E} = {C4687504-B9C5-4FC0-8B24-B01CD475E88E}
		{6FAEFF0E-F5CD-4E5B-9258-DEE9797C7EF7} = {6FAEFF0E-F5CD-4E5B-9258-DEE9797C7EF7}
		{5746FC94-510F-454B-96B8-AE85314E5840} = {5746FC94-510F-454B-96B8-AE85314E5840}
	EndProjectSection
EndProject
Project("{8BC9CEB8-8B4A-11D0-8D11-00A0C91BC942}") = "rtmp", "3rdparty\rtmp\rtmp.vcxproj", "{EEE4DE1D-35B2-4D0B-B35C-C71449E71D96}"
	ProjectSection(ProjectDependencies) = postProject
		{C4687504-B9C5-4FC0-8B24-B01CD475E88E} = {C4687504-B9C5-4FC0-8B24-B01CD475E88E}
	EndProjectSection
EndProject
Project("{8BC9CEB8-8B4A-11D0-8D11-00A0C91BC942}") = "dxui", "dxui\dxui.vcxproj", "{C35AE0E0-B7C1-4438-9CBF-ED5BDA62D922}"
EndProject
Project("{8BC9CEB8-8B4A-11D0-8D11-00A0C91BC942}") = "homesys", "homesys\client\client.vcxproj", "{80032696-33A0-4D2F-9992-2466DD9D9E5D}"
	ProjectSection(ProjectDependencies) = postProject
		{799AF117-46C8-4120-8649-25E49AFB22FB} = {799AF117-46C8-4120-8649-25E49AFB22FB}
		{C35AE0E0-B7C1-4438-9CBF-ED5BDA62D922} = {C35AE0E0-B7C1-4438-9CBF-ED5BDA62D922}
		{7DC204FC-E590-4D66-B0C8-A105FBFB31E0} = {7DC204FC-E590-4D66-B0C8-A105FBFB31E0}
	EndProjectSection
EndProject
Project("{8BC9CEB8-8B4A-11D0-8D11-00A0C91BC942}") = "interop", "homesys\interop\interop.vcxproj", "{7DC204FC-E590-4D66-B0C8-A105FBFB31E0}"
	ProjectSection(ProjectDependencies) = postProject
		{C4687504-B9C5-4FC0-8B24-B01CD475E88E} = {C4687504-B9C5-4FC0-8B24-B01CD475E88E}
	EndProjectSection
EndProject
Project("{FAE04EC0-301F-11D3-BF4B-00C04F79EFBC}") = "proxy", "homesys\proxy\proxy.csproj", "{FC7F414F-10DE-4467-A517-AF5A3EB4CB2E}"
EndProject
Project("{8BC9CEB8-8B4A-11D0-8D11-00A0C91BC942}") = "libdvbcsa", "3rdparty\libdvbcsa\libdvbcsa.vcxproj", "{C44D565B-5820-4EE5-8311-7D6D25AD3773}"
EndProject
Project("{8BC9CEB8-8B4A-11D0-8D11-00A0C91BC942}") = "tinyxml", "3rdparty\tinyxml\tinyxml.vcxproj", "{2DEA036B-06D7-462B-81CD-FD4D0304B284}"
EndProject
Project("{8BC9CEB8-8B4A-11D0-8D11-00A0C91BC942}") = "ffmpeg", "3rdparty\ffmpeg\ffmpeg.vcxproj", "{8A5305B8-C956-4240-B9EB-8FA4DD4DEEC8}"
EndProject
Project("{FAE04EC0-301F-11D3-BF4B-00C04F79EFBC}") = "netcard", "homesys\netcard\netcard.csproj", "{3724C15A-3997-4A92-85E3-36E9C3873E6F}"
EndProject
Project("{8BC9CEB8-8B4A-11D0-8D11-00A0C91BC942}") = "filter", "filter\filter.vcxproj", "{1296D5C5-33AA-4D0A-8122-FED31DFCF918}"
	ProjectSection(ProjectDependencies) = postProject
		{C4687504-B9C5-4FC0-8B24-B01CD475E88E} = {C4687504-B9C5-4FC0-8B24-B01CD475E88E}
		{6FAEFF0E-F5CD-4E5B-9258-DEE9797C7EF7} = {6FAEFF0E-F5CD-4E5B-9258-DEE9797C7EF7}
		{799AF117-46C8-4120-8649-25E49AFB22FB} = {799AF117-46C8-4120-8649-25E49AFB22FB}
	EndProjectSection
EndProject
Project("{8BC9CEB8-8B4A-11D0-8D11-00A0C91BC942}") = "ffdecsa", "3rdparty\ffdecsa\ffdecsa.vcxproj", "{D2BD4A88-7099-4BCD-AE2C-4E6DB256F402}"
EndProject
Project("{8BC9CEB8-8B4A-11D0-8D11-00A0C91BC942}") = "dsfilter", "homesys\dsfilter\dsfilter.vcxproj", "{6496D5C5-33AA-4D0A-8122-FED31DFCF918}"
	ProjectSection(ProjectDependencies) = postProject
		{799AF117-46C8-4120-8649-25E49AFB22FB} = {799AF117-46C8-4120-8649-25E49AFB22FB}
	EndProjectSection
EndProject
Project("{8BC9CEB8-8B4A-11D0-8D11-00A0C91BC942}") = "bzip2", "3rdparty\bzip2\bzip2.vcxproj", "{019F28AC-4BFF-4620-90A5-DBA4ADB52561}"
EndProject
Project("{2150E333-8FDC-42A3-9474-1A3956D46DE8}") = "json", "json", "{A71E2E7B-8D18-43DE-9D67-76F6BB292BCD}"
EndProject
Project("{FAE04EC0-301F-11D3-BF4B-00C04F79EFBC}") = "Newtonsoft.Json", "3rdparty\json\Newtonsoft.Json.csproj", "{A9AE40FF-1A21-414A-9FE7-3BE13644CC6D}"
EndProject
Project("{8BC9CEB8-8B4A-11D0-8D11-00A0C91BC942}") = "openssl", "3rdparty\openssl\OpenSSLAes.vcxproj", "{44CEFCCA-C98A-44F6-8440-8083C738F920}"
EndProject
Project("{54435603-DBB4-11D2-8724-00A0C9A8B90C}") = "setup", "homesys\setup\setup.vdproj", "{DA870AA0-858D-4ADE-9F7E-AF0C7578F812}"
EndProject
Global
	GlobalSection(SolutionConfigurationPlatforms) = preSolution
		Debug|Any CPU = Debug|Any CPU
		Debug|Mixed Platforms = Debug|Mixed Platforms
		Debug|Win32 = Debug|Win32
		Debug|x86 = Debug|x86
		Release|Any CPU = Release|Any CPU
		Release|Mixed Platforms = Release|Mixed Platforms
		Release|Win32 = Release|Win32
		Release|x86 = Release|x86
		ReleaseDevel|Any CPU = ReleaseDevel|Any CPU
		ReleaseDevel|Mixed Platforms = ReleaseDevel|Mixed Platforms
		ReleaseDevel|Win32 = ReleaseDevel|Win32
		ReleaseDevel|x86 = ReleaseDevel|x86
		ReleaseStatic|Any CPU = ReleaseStatic|Any CPU
		ReleaseStatic|Mixed Platforms = ReleaseStatic|Mixed Platforms
		ReleaseStatic|Win32 = ReleaseStatic|Win32
		ReleaseStatic|x86 = ReleaseStatic|x86
	EndGlobalSection
	GlobalSection(ProjectConfigurationPlatforms) = postSolution
		{6FAEFF0E-F5CD-4E5B-9258-DEE9797C7EF7}.Debug|Any CPU.ActiveCfg = Debug|Win32
		{6FAEFF0E-F5CD-4E5B-9258-DEE9797C7EF7}.Debug|Mixed Platforms.ActiveCfg = Debug|Win32
		{6FAEFF0E-F5CD-4E5B-9258-DEE9797C7EF7}.Debug|Mixed Platforms.Build.0 = Debug|Win32
		{6FAEFF0E-F5CD-4E5B-9258-DEE9797C7EF7}.Debug|Win32.ActiveCfg = Debug|Win32
		{6FAEFF0E-F5CD-4E5B-9258-DEE9797C7EF7}.Debug|Win32.Build.0 = Debug|Win32
		{6FAEFF0E-F5CD-4E5B-9258-DEE9797C7EF7}.Debug|x86.ActiveCfg = Debug|Win32
		{6FAEFF0E-F5CD-4E5B-9258-DEE9797C7EF7}.Release|Any CPU.ActiveCfg = Release|Win32
		{6FAEFF0E-F5CD-4E5B-9258-DEE9797C7EF7}.Release|Mixed Platforms.ActiveCfg = Release|Win32
		{6FAEFF0E-F5CD-4E5B-9258-DEE9797C7EF7}.Release|Mixed Platforms.Build.0 = Release|Win32
		{6FAEFF0E-F5CD-4E5B-9258-DEE9797C7EF7}.Release|Win32.ActiveCfg = Release|Win32
		{6FAEFF0E-F5CD-4E5B-9258-DEE9797C7EF7}.Release|Win32.Build.0 = Release|Win32
		{6FAEFF0E-F5CD-4E5B-9258-DEE9797C7EF7}.Release|x86.ActiveCfg = Release|Win32
		{6FAEFF0E-F5CD-4E5B-9258-DEE9797C7EF7}.ReleaseDevel|Any CPU.ActiveCfg = ReleaseDevel|Win32
		{6FAEFF0E-F5CD-4E5B-9258-DEE9797C7EF7}.ReleaseDevel|Mixed Platforms.ActiveCfg = ReleaseDevel|Win32
		{6FAEFF0E-F5CD-4E5B-9258-DEE9797C7EF7}.ReleaseDevel|Mixed Platforms.Build.0 = ReleaseDevel|Win32
		{6FAEFF0E-F5CD-4E5B-9258-DEE9797C7EF7}.ReleaseDevel|Win32.ActiveCfg = ReleaseDevel|Win32
		{6FAEFF0E-F5CD-4E5B-9258-DEE9797C7EF7}.ReleaseDevel|Win32.Build.0 = ReleaseDevel|Win32
		{6FAEFF0E-F5CD-4E5B-9258-DEE9797C7EF7}.ReleaseDevel|x86.ActiveCfg = ReleaseDevel|Win32
		{6FAEFF0E-F5CD-4E5B-9258-DEE9797C7EF7}.ReleaseStatic|Any CPU.ActiveCfg = ReleaseStatic|Win32
		{6FAEFF0E-F5CD-4E5B-9258-DEE9797C7EF7}.ReleaseStatic|Mixed Platforms.ActiveCfg = ReleaseStatic|Win32
		{6FAEFF0E-F5CD-4E5B-9258-DEE9797C7EF7}.ReleaseStatic|Mixed Platforms.Build.0 = ReleaseStatic|Win32
		{6FAEFF0E-F5CD-4E5B-9258-DEE9797C7EF7}.ReleaseStatic|Win32.ActiveCfg = ReleaseStatic|Win32
		{6FAEFF0E-F5CD-4E5B-9258-DEE9797C7EF7}.ReleaseStatic|Win32.Build.0 = ReleaseStatic|Win32
		{6FAEFF0E-F5CD-4E5B-9258-DEE9797C7EF7}.ReleaseStatic|x86.ActiveCfg = ReleaseStatic|Win32
		{0E7413FF-EB9E-4714-ACF2-BE3A6A7B2FFD}.Debug|Any CPU.ActiveCfg = Debug|Any CPU
		{0E7413FF-EB9E-4714-ACF2-BE3A6A7B2FFD}.Debug|Any CPU.Build.0 = Debug|Any CPU
		{0E7413FF-EB9E-4714-ACF2-BE3A6A7B2FFD}.Debug|Mixed Platforms.ActiveCfg = Debug|Any CPU
		{0E7413FF-EB9E-4714-ACF2-BE3A6A7B2FFD}.Debug|Mixed Platforms.Build.0 = Debug|Any CPU
		{0E7413FF-EB9E-4714-ACF2-BE3A6A7B2FFD}.Debug|Win32.ActiveCfg = Debug|Any CPU
		{0E7413FF-EB9E-4714-ACF2-BE3A6A7B2FFD}.Debug|x86.ActiveCfg = Debug|Any CPU
		{0E7413FF-EB9E-4714-ACF2-BE3A6A7B2FFD}.Release|Any CPU.ActiveCfg = Release|Any CPU
		{0E7413FF-EB9E-4714-ACF2-BE3A6A7B2FFD}.Release|Any CPU.Build.0 = Release|Any CPU
		{0E7413FF-EB9E-4714-ACF2-BE3A6A7B2FFD}.Release|Mixed Platforms.ActiveCfg = Release|Any CPU
		{0E7413FF-EB9E-4714-ACF2-BE3A6A7B2FFD}.Release|Mixed Platforms.Build.0 = Release|Any CPU
		{0E7413FF-EB9E-4714-ACF2-BE3A6A7B2FFD}.Release|Win32.ActiveCfg = Release|Any CPU
		{0E7413FF-EB9E-4714-ACF2-BE3A6A7B2FFD}.Release|x86.ActiveCfg = Release|Any CPU
		{0E7413FF-EB9E-4714-ACF2-BE3A6A7B2FFD}.ReleaseDevel|Any CPU.ActiveCfg = ReleaseDevel|Any CPU
		{0E7413FF-EB9E-4714-ACF2-BE3A6A7B2FFD}.ReleaseDevel|Any CPU.Build.0 = ReleaseDevel|Any CPU
		{0E7413FF-EB9E-4714-ACF2-BE3A6A7B2FFD}.ReleaseDevel|Mixed Platforms.ActiveCfg = ReleaseDevel|Any CPU
		{0E7413FF-EB9E-4714-ACF2-BE3A6A7B2FFD}.ReleaseDevel|Mixed Platforms.Build.0 = ReleaseDevel|Any CPU
		{0E7413FF-EB9E-4714-ACF2-BE3A6A7B2FFD}.ReleaseDevel|Win32.ActiveCfg = ReleaseDevel|Any CPU
		{0E7413FF-EB9E-4714-ACF2-BE3A6A7B2FFD}.ReleaseDevel|x86.ActiveCfg = ReleaseDevel|Any CPU
		{0E7413FF-EB9E-4714-ACF2-BE3A6A7B2FFD}.ReleaseStatic|Any CPU.ActiveCfg = ReleaseStatic|Any CPU
		{0E7413FF-EB9E-4714-ACF2-BE3A6A7B2FFD}.ReleaseStatic|Any CPU.Build.0 = ReleaseStatic|Any CPU
		{0E7413FF-EB9E-4714-ACF2-BE3A6A7B2FFD}.ReleaseStatic|Mixed Platforms.ActiveCfg = ReleaseStatic|Any CPU
		{0E7413FF-EB9E-4714-ACF2-BE3A6A7B2FFD}.ReleaseStatic|Mixed Platforms.Build.0 = ReleaseStatic|Any CPU
		{0E7413FF-EB9E-4714-ACF2-BE3A6A7B2FFD}.ReleaseStatic|Win32.ActiveCfg = ReleaseStatic|Any CPU
		{0E7413FF-EB9E-4714-ACF2-BE3A6A7B2FFD}.ReleaseStatic|x86.ActiveCfg = ReleaseStatic|Any CPU
		{5746FC94-510F-454B-96B8-AE85314E5840}.Debug|Any CPU.ActiveCfg = Debug|Win32
		{5746FC94-510F-454B-96B8-AE85314E5840}.Debug|Mixed Platforms.ActiveCfg = Debug|Win32
		{5746FC94-510F-454B-96B8-AE85314E5840}.Debug|Mixed Platforms.Build.0 = Debug|Win32
		{5746FC94-510F-454B-96B8-AE85314E5840}.Debug|Win32.ActiveCfg = Debug|Win32
		{5746FC94-510F-454B-96B8-AE85314E5840}.Debug|Win32.Build.0 = Debug|Win32
		{5746FC94-510F-454B-96B8-AE85314E5840}.Debug|x86.ActiveCfg = Debug|Win32
		{5746FC94-510F-454B-96B8-AE85314E5840}.Release|Any CPU.ActiveCfg = Release|Win32
		{5746FC94-510F-454B-96B8-AE85314E5840}.Release|Mixed Platforms.ActiveCfg = Release|Win32
		{5746FC94-510F-454B-96B8-AE85314E5840}.Release|Mixed Platforms.Build.0 = Release|Win32
		{5746FC94-510F-454B-96B8-AE85314E5840}.Release|Win32.ActiveCfg = Release|Win32
		{5746FC94-510F-454B-96B8-AE85314E5840}.Release|Win32.Build.0 = Release|Win32
		{5746FC94-510F-454B-96B8-AE85314E5840}.Release|x86.ActiveCfg = Release|Win32
		{5746FC94-510F-454B-96B8-AE85314E5840}.ReleaseDevel|Any CPU.ActiveCfg = ReleaseDevel|Win32
		{5746FC94-510F-454B-96B8-AE85314E5840}.ReleaseDevel|Mixed Platforms.ActiveCfg = ReleaseDevel|Win32
		{5746FC94-510F-454B-96B8-AE85314E5840}.ReleaseDevel|Mixed Platforms.Build.0 = ReleaseDevel|Win32
		{5746FC94-510F-454B-96B8-AE85314E5840}.ReleaseDevel|Win32.ActiveCfg = ReleaseDevel|Win32
		{5746FC94-510F-454B-96B8-AE85314E5840}.ReleaseDevel|Win32.Build.0 = ReleaseDevel|Win32
		{5746FC94-510F-454B-96B8-AE85314E5840}.ReleaseDevel|x86.ActiveCfg = ReleaseDevel|Win32
		{5746FC94-510F-454B-96B8-AE85314E5840}.ReleaseStatic|Any CPU.ActiveCfg = ReleaseStatic|Win32
		{5746FC94-510F-454B-96B8-AE85314E5840}.ReleaseStatic|Mixed Platforms.ActiveCfg = ReleaseStatic|Win32
		{5746FC94-510F-454B-96B8-AE85314E5840}.ReleaseStatic|Mixed Platforms.Build.0 = ReleaseStatic|Win32
		{5746FC94-510F-454B-96B8-AE85314E5840}.ReleaseStatic|Win32.ActiveCfg = ReleaseStatic|Win32
		{5746FC94-510F-454B-96B8-AE85314E5840}.ReleaseStatic|Win32.Build.0 = ReleaseStatic|Win32
		{5746FC94-510F-454B-96B8-AE85314E5840}.ReleaseStatic|x86.ActiveCfg = ReleaseStatic|Win32
		{8679F62B-969D-442E-A551-C866DAC1167C}.Debug|Any CPU.ActiveCfg = Debug|Win32
		{8679F62B-969D-442E-A551-C866DAC1167C}.Debug|Mixed Platforms.ActiveCfg = Debug|Win32
		{8679F62B-969D-442E-A551-C866DAC1167C}.Debug|Mixed Platforms.Build.0 = Debug|Win32
		{8679F62B-969D-442E-A551-C866DAC1167C}.Debug|Win32.ActiveCfg = Debug|Win32
		{8679F62B-969D-442E-A551-C866DAC1167C}.Debug|Win32.Build.0 = Debug|Win32
		{8679F62B-969D-442E-A551-C866DAC1167C}.Debug|x86.ActiveCfg = Debug|Win32
		{8679F62B-969D-442E-A551-C866DAC1167C}.Release|Any CPU.ActiveCfg = Release|Win32
		{8679F62B-969D-442E-A551-C866DAC1167C}.Release|Mixed Platforms.ActiveCfg = Release|Win32
		{8679F62B-969D-442E-A551-C866DAC1167C}.Release|Mixed Platforms.Build.0 = Release|Win32
		{8679F62B-969D-442E-A551-C866DAC1167C}.Release|Win32.ActiveCfg = Release|Win32
		{8679F62B-969D-442E-A551-C866DAC1167C}.Release|Win32.Build.0 = Release|Win32
		{8679F62B-969D-442E-A551-C866DAC1167C}.Release|x86.ActiveCfg = Release|Win32
		{8679F62B-969D-442E-A551-C866DAC1167C}.ReleaseDevel|Any CPU.ActiveCfg = ReleaseDevel|Win32
		{8679F62B-969D-442E-A551-C866DAC1167C}.ReleaseDevel|Mixed Platforms.ActiveCfg = ReleaseDevel|Win32
		{8679F62B-969D-442E-A551-C866DAC1167C}.ReleaseDevel|Mixed Platforms.Build.0 = ReleaseDevel|Win32
		{8679F62B-969D-442E-A551-C866DAC1167C}.ReleaseDevel|Win32.ActiveCfg = ReleaseDevel|Win32
		{8679F62B-969D-442E-A551-C866DAC1167C}.ReleaseDevel|Win32.Build.0 = ReleaseDevel|Win32
		{8679F62B-969D-442E-A551-C866DAC1167C}.ReleaseDevel|x86.ActiveCfg = ReleaseDevel|Win32
		{8679F62B-969D-442E-A551-C866DAC1167C}.ReleaseStatic|Any CPU.ActiveCfg = ReleaseStatic|Win32
		{8679F62B-969D-442E-A551-C866DAC1167C}.ReleaseStatic|Mixed Platforms.ActiveCfg = ReleaseStatic|Win32
		{8679F62B-969D-442E-A551-C866DAC1167C}.ReleaseStatic|Mixed Platforms.Build.0 = ReleaseStatic|Win32
		{8679F62B-969D-442E-A551-C866DAC1167C}.ReleaseStatic|Win32.ActiveCfg = ReleaseStatic|Win32
		{8679F62B-969D-442E-A551-C866DAC1167C}.ReleaseStatic|Win32.Build.0 = ReleaseStatic|Win32
		{8679F62B-969D-442E-A551-C866DAC1167C}.ReleaseStatic|x86.ActiveCfg = ReleaseStatic|Win32
		{D389EF7C-6E51-4A05-B62B-64AB8CC8D640}.Debug|Any CPU.ActiveCfg = Debug|Win32
		{D389EF7C-6E51-4A05-B62B-64AB8CC8D640}.Debug|Mixed Platforms.ActiveCfg = Debug|Win32
		{D389EF7C-6E51-4A05-B62B-64AB8CC8D640}.Debug|Mixed Platforms.Build.0 = Debug|Win32
		{D389EF7C-6E51-4A05-B62B-64AB8CC8D640}.Debug|Win32.ActiveCfg = Debug|Win32
		{D389EF7C-6E51-4A05-B62B-64AB8CC8D640}.Debug|Win32.Build.0 = Debug|Win32
		{D389EF7C-6E51-4A05-B62B-64AB8CC8D640}.Debug|x86.ActiveCfg = Debug|Win32
		{D389EF7C-6E51-4A05-B62B-64AB8CC8D640}.Release|Any CPU.ActiveCfg = Release|Win32
		{D389EF7C-6E51-4A05-B62B-64AB8CC8D640}.Release|Mixed Platforms.ActiveCfg = Release|Win32
		{D389EF7C-6E51-4A05-B62B-64AB8CC8D640}.Release|Mixed Platforms.Build.0 = Release|Win32
		{D389EF7C-6E51-4A05-B62B-64AB8CC8D640}.Release|Win32.ActiveCfg = Release|Win32
		{D389EF7C-6E51-4A05-B62B-64AB8CC8D640}.Release|Win32.Build.0 = Release|Win32
		{D389EF7C-6E51-4A05-B62B-64AB8CC8D640}.Release|x86.ActiveCfg = Release|Win32
		{D389EF7C-6E51-4A05-B62B-64AB8CC8D640}.ReleaseDevel|Any CPU.ActiveCfg = ReleaseDevel|Win32
		{D389EF7C-6E51-4A05-B62B-64AB8CC8D640}.ReleaseDevel|Mixed Platforms.ActiveCfg = ReleaseDevel|Win32
		{D389EF7C-6E51-4A05-B62B-64AB8CC8D640}.ReleaseDevel|Mixed Platforms.Build.0 = ReleaseDevel|Win32
		{D389EF7C-6E51-4A05-B62B-64AB8CC8D640}.ReleaseDevel|Win32.ActiveCfg = ReleaseDevel|Win32
		{D389EF7C-6E51-4A05-B62B-64AB8CC8D640}.ReleaseDevel|Win32.Build.0 = ReleaseDevel|Win32
		{D389EF7C-6E51-4A05-B62B-64AB8CC8D640}.ReleaseDevel|x86.ActiveCfg = ReleaseDevel|Win32
		{D389EF7C-6E51-4A05-B62B-64AB8CC8D640}.ReleaseStatic|Any CPU.ActiveCfg = ReleaseStatic|Win32
		{D389EF7C-6E51-4A05-B62B-64AB8CC8D640}.ReleaseStatic|Mixed Platforms.ActiveCfg = ReleaseStatic|Win32
		{D389EF7C-6E51-4A05-B62B-64AB8CC8D640}.ReleaseStatic|Mixed Platforms.Build.0 = ReleaseStatic|Win32
		{D389EF7C-6E51-4A05-B62B-64AB8CC8D640}.ReleaseStatic|Win32.ActiveCfg = ReleaseStatic|Win32
		{D389EF7C-6E51-4A05-B62B-64AB8CC8D640}.ReleaseStatic|Win32.Build.0 = ReleaseStatic|Win32
		{D389EF7C-6E51-4A05-B62B-64AB8CC8D640}.ReleaseStatic|x86.ActiveCfg = ReleaseStatic|Win32
		{A589A6B4-BDAB-48CC-8220-909E18AFE065}.Debug|Any CPU.ActiveCfg = Debug|Win32
		{A589A6B4-BDAB-48CC-8220-909E18AFE065}.Debug|Mixed Platforms.ActiveCfg = Debug|Win32
		{A589A6B4-BDAB-48CC-8220-909E18AFE065}.Debug|Mixed Platforms.Build.0 = Debug|Win32
		{A589A6B4-BDAB-48CC-8220-909E18AFE065}.Debug|Win32.ActiveCfg = Debug|Win32
		{A589A6B4-BDAB-48CC-8220-909E18AFE065}.Debug|Win32.Build.0 = Debug|Win32
		{A589A6B4-BDAB-48CC-8220-909E18AFE065}.Debug|x86.ActiveCfg = Debug|Win32
		{A589A6B4-BDAB-48CC-8220-909E18AFE065}.Release|Any CPU.ActiveCfg = Release|Win32
		{A589A6B4-BDAB-48CC-8220-909E18AFE065}.Release|Mixed Platforms.ActiveCfg = Release|Win32
		{A589A6B4-BDAB-48CC-8220-909E18AFE065}.Release|Mixed Platforms.Build.0 = Release|Win32
		{A589A6B4-BDAB-48CC-8220-909E18AFE065}.Release|Win32.ActiveCfg = Release|Win32
		{A589A6B4-BDAB-48CC-8220-909E18AFE065}.Release|Win32.Build.0 = Release|Win32
		{A589A6B4-BDAB-48CC-8220-909E18AFE065}.Release|x86.ActiveCfg = Release|Win32
		{A589A6B4-BDAB-48CC-8220-909E18AFE065}.ReleaseDevel|Any CPU.ActiveCfg = ReleaseDevel|Win32
		{A589A6B4-BDAB-48CC-8220-909E18AFE065}.ReleaseDevel|Mixed Platforms.ActiveCfg = ReleaseDevel|Win32
		{A589A6B4-BDAB-48CC-8220-909E18AFE065}.ReleaseDevel|Mixed Platforms.Build.0 = ReleaseDevel|Win32
		{A589A6B4-BDAB-48CC-8220-909E18AFE065}.ReleaseDevel|Win32.ActiveCfg = ReleaseDevel|Win32
		{A589A6B4-BDAB-48CC-8220-909E18AFE065}.ReleaseDevel|Win32.Build.0 = ReleaseDevel|Win32
		{A589A6B4-BDAB-48CC-8220-909E18AFE065}.ReleaseDevel|x86.ActiveCfg = ReleaseDevel|Win32
		{A589A6B4-BDAB-48CC-8220-909E18AFE065}.ReleaseStatic|Any CPU.ActiveCfg = ReleaseStatic|Win32
		{A589A6B4-BDAB-48CC-8220-909E18AFE065}.ReleaseStatic|Mixed Platforms.ActiveCfg = ReleaseStatic|Win32
		{A589A6B4-BDAB-48CC-8220-909E18AFE065}.ReleaseStatic|Mixed Platforms.Build.0 = ReleaseStatic|Win32
		{A589A6B4-BDAB-48CC-8220-909E18AFE065}.ReleaseStatic|Win32.ActiveCfg = ReleaseStatic|Win32
		{A589A6B4-BDAB-48CC-8220-909E18AFE065}.ReleaseStatic|Win32.Build.0 = ReleaseStatic|Win32
		{A589A6B4-BDAB-48CC-8220-909E18AFE065}.ReleaseStatic|x86.ActiveCfg = ReleaseStatic|Win32
		{394E6AF7-B75B-4073-910E-D9A79DA9C6D3}.Debug|Any CPU.ActiveCfg = Debug|Win32
		{394E6AF7-B75B-4073-910E-D9A79DA9C6D3}.Debug|Mixed Platforms.ActiveCfg = Debug|Win32
		{394E6AF7-B75B-4073-910E-D9A79DA9C6D3}.Debug|Mixed Platforms.Build.0 = Debug|Win32
		{394E6AF7-B75B-4073-910E-D9A79DA9C6D3}.Debug|Win32.ActiveCfg = Debug|Win32
		{394E6AF7-B75B-4073-910E-D9A79DA9C6D3}.Debug|Win32.Build.0 = Debug|Win32
		{394E6AF7-B75B-4073-910E-D9A79DA9C6D3}.Debug|x86.ActiveCfg = Debug|Win32
		{394E6AF7-B75B-4073-910E-D9A79DA9C6D3}.Release|Any CPU.ActiveCfg = Release|Win32
		{394E6AF7-B75B-4073-910E-D9A79DA9C6D3}.Release|Mixed Platforms.ActiveCfg = Release|Win32
		{394E6AF7-B75B-4073-910E-D9A79DA9C6D3}.Release|Mixed Platforms.Build.0 = Release|Win32
		{394E6AF7-B75B-4073-910E-D9A79DA9C6D3}.Release|Win32.ActiveCfg = Release|Win32
		{394E6AF7-B75B-4073-910E-D9A79DA9C6D3}.Release|Win32.Build.0 = Release|Win32
		{394E6AF7-B75B-4073-910E-D9A79DA9C6D3}.Release|x86.ActiveCfg = Release|Win32
		{394E6AF7-B75B-4073-910E-D9A79DA9C6D3}.ReleaseDevel|Any CPU.ActiveCfg = ReleaseDevel|Win32
		{394E6AF7-B75B-4073-910E-D9A79DA9C6D3}.ReleaseDevel|Mixed Platforms.ActiveCfg = ReleaseDevel|Win32
		{394E6AF7-B75B-4073-910E-D9A79DA9C6D3}.ReleaseDevel|Mixed Platforms.Build.0 = ReleaseDevel|Win32
		{394E6AF7-B75B-4073-910E-D9A79DA9C6D3}.ReleaseDevel|Win32.ActiveCfg = ReleaseDevel|Win32
		{394E6AF7-B75B-4073-910E-D9A79DA9C6D3}.ReleaseDevel|Win32.Build.0 = ReleaseDevel|Win32
		{394E6AF7-B75B-4073-910E-D9A79DA9C6D3}.ReleaseDevel|x86.ActiveCfg = ReleaseDevel|Win32
		{394E6AF7-B75B-4073-910E-D9A79DA9C6D3}.ReleaseStatic|Any CPU.ActiveCfg = ReleaseStatic|Win32
		{394E6AF7-B75B-4073-910E-D9A79DA9C6D3}.ReleaseStatic|Mixed Platforms.ActiveCfg = ReleaseStatic|Win32
		{394E6AF7-B75B-4073-910E-D9A79DA9C6D3}.ReleaseStatic|Mixed Platforms.Build.0 = ReleaseStatic|Win32
		{394E6AF7-B75B-4073-910E-D9A79DA9C6D3}.ReleaseStatic|Win32.ActiveCfg = ReleaseStatic|Win32
		{394E6AF7-B75B-4073-910E-D9A79DA9C6D3}.ReleaseStatic|Win32.Build.0 = ReleaseStatic|Win32
		{394E6AF7-B75B-4073-910E-D9A79DA9C6D3}.ReleaseStatic|x86.ActiveCfg = ReleaseStatic|Win32
		{49C19FCD-8AD9-40D7-AF88-C9285288F192}.Debug|Any CPU.ActiveCfg = Debug|Win32
		{49C19FCD-8AD9-40D7-AF88-C9285288F192}.Debug|Mixed Platforms.ActiveCfg = Debug|Win32
		{49C19FCD-8AD9-40D7-AF88-C9285288F192}.Debug|Mixed Platforms.Build.0 = Debug|Win32
		{49C19FCD-8AD9-40D7-AF88-C9285288F192}.Debug|Win32.ActiveCfg = Debug|Win32
		{49C19FCD-8AD9-40D7-AF88-C9285288F192}.Debug|Win32.Build.0 = Debug|Win32
		{49C19FCD-8AD9-40D7-AF88-C9285288F192}.Debug|x86.ActiveCfg = Debug|Win32
		{49C19FCD-8AD9-40D7-AF88-C9285288F192}.Release|Any CPU.ActiveCfg = Release|Win32
		{49C19FCD-8AD9-40D7-AF88-C9285288F192}.Release|Mixed Platforms.ActiveCfg = Release|Win32
		{49C19FCD-8AD9-40D7-AF88-C9285288F192}.Release|Mixed Platforms.Build.0 = Release|Win32
		{49C19FCD-8AD9-40D7-AF88-C9285288F192}.Release|Win32.ActiveCfg = Release|Win32
		{49C19FCD-8AD9-40D7-AF88-C9285288F192}.Release|Win32.Build.0 = Release|Win32
		{49C19FCD-8AD9-40D7-AF88-C9285288F192}.Release|x86.ActiveCfg = Release|Win32
		{49C19FCD-8AD9-40D7-AF88-C9285288F192}.ReleaseDevel|Any CPU.ActiveCfg = ReleaseDevel|Win32
		{49C19FCD-8AD9-40D7-AF88-C9285288F192}.ReleaseDevel|Mixed Platforms.ActiveCfg = ReleaseDevel|Win32
		{49C19FCD-8AD9-40D7-AF88-C9285288F192}.ReleaseDevel|Mixed Platforms.Build.0 = ReleaseDevel|Win32
		{49C19FCD-8AD9-40D7-AF88-C9285288F192}.ReleaseDevel|Win32.ActiveCfg = ReleaseDevel|Win32
		{49C19FCD-8AD9-40D7-AF88-C9285288F192}.ReleaseDevel|Win32.Build.0 = ReleaseDevel|Win32
		{49C19FCD-8AD9-40D7-AF88-C9285288F192}.ReleaseDevel|x86.ActiveCfg = ReleaseDevel|Win32
		{49C19FCD-8AD9-40D7-AF88-C9285288F192}.ReleaseStatic|Any CPU.ActiveCfg = ReleaseStatic|Win32
		{49C19FCD-8AD9-40D7-AF88-C9285288F192}.ReleaseStatic|Mixed Platforms.ActiveCfg = ReleaseStatic|Win32
		{49C19FCD-8AD9-40D7-AF88-C9285288F192}.ReleaseStatic|Mixed Platforms.Build.0 = ReleaseStatic|Win32
		{49C19FCD-8AD9-40D7-AF88-C9285288F192}.ReleaseStatic|Win32.ActiveCfg = ReleaseStatic|Win32
		{49C19FCD-8AD9-40D7-AF88-C9285288F192}.ReleaseStatic|Win32.Build.0 = ReleaseStatic|Win32
		{49C19FCD-8AD9-40D7-AF88-C9285288F192}.ReleaseStatic|x86.ActiveCfg = ReleaseStatic|Win32
		{25C839B2-CF74-4E90-AFD0-0A661BFB7D01}.Debug|Any CPU.ActiveCfg = Debug|Win32
		{25C839B2-CF74-4E90-AFD0-0A661BFB7D01}.Debug|Mixed Platforms.ActiveCfg = Debug|Win32
		{25C839B2-CF74-4E90-AFD0-0A661BFB7D01}.Debug|Mixed Platforms.Build.0 = Debug|Win32
		{25C839B2-CF74-4E90-AFD0-0A661BFB7D01}.Debug|Win32.ActiveCfg = Debug|Win32
		{25C839B2-CF74-4E90-AFD0-0A661BFB7D01}.Debug|Win32.Build.0 = Debug|Win32
		{25C839B2-CF74-4E90-AFD0-0A661BFB7D01}.Debug|x86.ActiveCfg = Debug|Win32
		{25C839B2-CF74-4E90-AFD0-0A661BFB7D01}.Release|Any CPU.ActiveCfg = Release|Win32
		{25C839B2-CF74-4E90-AFD0-0A661BFB7D01}.Release|Mixed Platforms.ActiveCfg = Release|Win32
		{25C839B2-CF74-4E90-AFD0-0A661BFB7D01}.Release|Mixed Platforms.Build.0 = Release|Win32
		{25C839B2-CF74-4E90-AFD0-0A661BFB7D01}.Release|Win32.ActiveCfg = Release|Win32
		{25C839B2-CF74-4E90-AFD0-0A661BFB7D01}.Release|Win32.Build.0 = Release|Win32
		{25C839B2-CF74-4E90-AFD0-0A661BFB7D01}.Release|x86.ActiveCfg = Release|Win32
		{25C839B2-CF74-4E90-AFD0-0A661BFB7D01}.ReleaseDevel|Any CPU.ActiveCfg = ReleaseDevel|Win32
		{25C839B2-CF74-4E90-AFD0-0A661BFB7D01}.ReleaseDevel|Mixed Platforms.ActiveCfg = ReleaseDevel|Win32
		{25C839B2-CF74-4E90-AFD0-0A661BFB7D01}.ReleaseDevel|Mixed Platforms.Build.0 = ReleaseDevel|Win32
		{25C839B2-CF74-4E90-AFD0-0A661BFB7D01}.ReleaseDevel|Win32.ActiveCfg = ReleaseDevel|Win32
		{25C839B2-CF74-4E90-AFD0-0A661BFB7D01}.ReleaseDevel|Win32.Build.0 = ReleaseDevel|Win32
		{25C839B2-CF74-4E90-AFD0-0A661BFB7D01}.ReleaseDevel|x86.ActiveCfg = ReleaseDevel|Win32
		{25C839B2-CF74-4E90-AFD0-0A661BFB7D01}.ReleaseStatic|Any CPU.ActiveCfg = ReleaseStatic|Win32
		{25C839B2-CF74-4E90-AFD0-0A661BFB7D01}.ReleaseStatic|Mixed Platforms.ActiveCfg = ReleaseStatic|Win32
		{25C839B2-CF74-4E90-AFD0-0A661BFB7D01}.ReleaseStatic|Mixed Platforms.Build.0 = ReleaseStatic|Win32
		{25C839B2-CF74-4E90-AFD0-0A661BFB7D01}.ReleaseStatic|Win32.ActiveCfg = ReleaseStatic|Win32
		{25C839B2-CF74-4E90-AFD0-0A661BFB7D01}.ReleaseStatic|Win32.Build.0 = ReleaseStatic|Win32
		{25C839B2-CF74-4E90-AFD0-0A661BFB7D01}.ReleaseStatic|x86.ActiveCfg = ReleaseStatic|Win32
		{799AF117-46C8-4120-8649-25E49AFB22FB}.Debug|Any CPU.ActiveCfg = Debug|Win32
		{799AF117-46C8-4120-8649-25E49AFB22FB}.Debug|Mixed Platforms.ActiveCfg = Debug|Win32
		{799AF117-46C8-4120-8649-25E49AFB22FB}.Debug|Mixed Platforms.Build.0 = Debug|Win32
		{799AF117-46C8-4120-8649-25E49AFB22FB}.Debug|Win32.ActiveCfg = Debug|Win32
		{799AF117-46C8-4120-8649-25E49AFB22FB}.Debug|Win32.Build.0 = Debug|Win32
		{799AF117-46C8-4120-8649-25E49AFB22FB}.Debug|x86.ActiveCfg = Debug|Win32
		{799AF117-46C8-4120-8649-25E49AFB22FB}.Release|Any CPU.ActiveCfg = Release|Win32
		{799AF117-46C8-4120-8649-25E49AFB22FB}.Release|Mixed Platforms.ActiveCfg = Release|Win32
		{799AF117-46C8-4120-8649-25E49AFB22FB}.Release|Mixed Platforms.Build.0 = Release|Win32
		{799AF117-46C8-4120-8649-25E49AFB22FB}.Release|Win32.ActiveCfg = Release|Win32
		{799AF117-46C8-4120-8649-25E49AFB22FB}.Release|Win32.Build.0 = Release|Win32
		{799AF117-46C8-4120-8649-25E49AFB22FB}.Release|x86.ActiveCfg = Release|Win32
		{799AF117-46C8-4120-8649-25E49AFB22FB}.ReleaseDevel|Any CPU.ActiveCfg = ReleaseDevel|Win32
		{799AF117-46C8-4120-8649-25E49AFB22FB}.ReleaseDevel|Mixed Platforms.ActiveCfg = ReleaseDevel|Win32
		{799AF117-46C8-4120-8649-25E49AFB22FB}.ReleaseDevel|Mixed Platforms.Build.0 = ReleaseDevel|Win32
		{799AF117-46C8-4120-8649-25E49AFB22FB}.ReleaseDevel|Win32.ActiveCfg = ReleaseDevel|Win32
		{799AF117-46C8-4120-8649-25E49AFB22FB}.ReleaseDevel|Win32.Build.0 = ReleaseDevel|Win32
		{799AF117-46C8-4120-8649-25E49AFB22FB}.ReleaseDevel|x86.ActiveCfg = ReleaseDevel|Win32
		{799AF117-46C8-4120-8649-25E49AFB22FB}.ReleaseStatic|Any CPU.ActiveCfg = ReleaseStatic|Win32
		{799AF117-46C8-4120-8649-25E49AFB22FB}.ReleaseStatic|Mixed Platforms.ActiveCfg = ReleaseStatic|Win32
		{799AF117-46C8-4120-8649-25E49AFB22FB}.ReleaseStatic|Mixed Platforms.Build.0 = ReleaseStatic|Win32
		{799AF117-46C8-4120-8649-25E49AFB22FB}.ReleaseStatic|Win32.ActiveCfg = ReleaseStatic|Win32
		{799AF117-46C8-4120-8649-25E49AFB22FB}.ReleaseStatic|Win32.Build.0 = ReleaseStatic|Win32
		{799AF117-46C8-4120-8649-25E49AFB22FB}.ReleaseStatic|x86.ActiveCfg = ReleaseStatic|Win32
		{02F891EC-5D66-4FE4-B00E-83739B53F748}.Debug|Any CPU.ActiveCfg = Debug|Win32
		{02F891EC-5D66-4FE4-B00E-83739B53F748}.Debug|Mixed Platforms.ActiveCfg = Debug|Win32
		{02F891EC-5D66-4FE4-B00E-83739B53F748}.Debug|Mixed Platforms.Build.0 = Debug|Win32
		{02F891EC-5D66-4FE4-B00E-83739B53F748}.Debug|Win32.ActiveCfg = Debug|Win32
		{02F891EC-5D66-4FE4-B00E-83739B53F748}.Debug|Win32.Build.0 = Debug|Win32
		{02F891EC-5D66-4FE4-B00E-83739B53F748}.Debug|x86.ActiveCfg = Debug|Win32
		{02F891EC-5D66-4FE4-B00E-83739B53F748}.Release|Any CPU.ActiveCfg = Release|Win32
		{02F891EC-5D66-4FE4-B00E-83739B53F748}.Release|Mixed Platforms.ActiveCfg = Release|Win32
		{02F891EC-5D66-4FE4-B00E-83739B53F748}.Release|Mixed Platforms.Build.0 = Release|Win32
		{02F891EC-5D66-4FE4-B00E-83739B53F748}.Release|Win32.ActiveCfg = Release|Win32
		{02F891EC-5D66-4FE4-B00E-83739B53F748}.Release|Win32.Build.0 = Release|Win32
		{02F891EC-5D66-4FE4-B00E-83739B53F748}.Release|x86.ActiveCfg = Release|Win32
		{02F891EC-5D66-4FE4-B00E-83739B53F748}.ReleaseDevel|Any CPU.ActiveCfg = ReleaseDevel|Win32
		{02F891EC-5D66-4FE4-B00E-83739B53F748}.ReleaseDevel|Mixed Platforms.ActiveCfg = ReleaseDevel|Win32
		{02F891EC-5D66-4FE4-B00E-83739B53F748}.ReleaseDevel|Mixed Platforms.Build.0 = ReleaseDevel|Win32
		{02F891EC-5D66-4FE4-B00E-83739B53F748}.ReleaseDevel|Win32.ActiveCfg = ReleaseDevel|Win32
		{02F891EC-5D66-4FE4-B00E-83739B53F748}.ReleaseDevel|Win32.Build.0 = ReleaseDevel|Win32
		{02F891EC-5D66-4FE4-B00E-83739B53F748}.ReleaseDevel|x86.ActiveCfg = ReleaseDevel|Win32
		{02F891EC-5D66-4FE4-B00E-83739B53F748}.ReleaseStatic|Any CPU.ActiveCfg = ReleaseStatic|Win32
		{02F891EC-5D66-4FE4-B00E-83739B53F748}.ReleaseStatic|Mixed Platforms.ActiveCfg = ReleaseStatic|Win32
		{02F891EC-5D66-4FE4-B00E-83739B53F748}.ReleaseStatic|Mixed Platforms.Build.0 = ReleaseStatic|Win32
		{02F891EC-5D66-4FE4-B00E-83739B53F748}.ReleaseStatic|Win32.ActiveCfg = ReleaseStatic|Win32
		{02F891EC-5D66-4FE4-B00E-83739B53F748}.ReleaseStatic|Win32.Build.0 = ReleaseStatic|Win32
		{02F891EC-5D66-4FE4-B00E-83739B53F748}.ReleaseStatic|x86.ActiveCfg = ReleaseStatic|Win32
		{2FD69E18-48CC-4530-BD1D-AEF10B9E701E}.Debug|Any CPU.ActiveCfg = Debug|Win32
		{2FD69E18-48CC-4530-BD1D-AEF10B9E701E}.Debug|Mixed Platforms.ActiveCfg = Debug|Win32
		{2FD69E18-48CC-4530-BD1D-AEF10B9E701E}.Debug|Mixed Platforms.Build.0 = Debug|Win32
		{2FD69E18-48CC-4530-BD1D-AEF10B9E701E}.Debug|Win32.ActiveCfg = Debug|Win32
		{2FD69E18-48CC-4530-BD1D-AEF10B9E701E}.Debug|Win32.Build.0 = Debug|Win32
		{2FD69E18-48CC-4530-BD1D-AEF10B9E701E}.Debug|x86.ActiveCfg = Debug|Win32
		{2FD69E18-48CC-4530-BD1D-AEF10B9E701E}.Release|Any CPU.ActiveCfg = Release|Win32
		{2FD69E18-48CC-4530-BD1D-AEF10B9E701E}.Release|Mixed Platforms.ActiveCfg = Release|Win32
		{2FD69E18-48CC-4530-BD1D-AEF10B9E701E}.Release|Mixed Platforms.Build.0 = Release|Win32
		{2FD69E18-48CC-4530-BD1D-AEF10B9E701E}.Release|Win32.ActiveCfg = Release|Win32
		{2FD69E18-48CC-4530-BD1D-AEF10B9E701E}.Release|Win32.Build.0 = Release|Win32
		{2FD69E18-48CC-4530-BD1D-AEF10B9E701E}.Release|x86.ActiveCfg = Release|Win32
		{2FD69E18-48CC-4530-BD1D-AEF10B9E701E}.ReleaseDevel|Any CPU.ActiveCfg = ReleaseDevel|Win32
		{2FD69E18-48CC-4530-BD1D-AEF10B9E701E}.ReleaseDevel|Mixed Platforms.ActiveCfg = ReleaseDevel|Win32
		{2FD69E18-48CC-4530-BD1D-AEF10B9E701E}.ReleaseDevel|Mixed Platforms.Build.0 = ReleaseDevel|Win32
		{2FD69E18-48CC-4530-BD1D-AEF10B9E701E}.ReleaseDevel|Win32.ActiveCfg = ReleaseDevel|Win32
		{2FD69E18-48CC-4530-BD1D-AEF10B9E701E}.ReleaseDevel|Win32.Build.0 = ReleaseDevel|Win32
		{2FD69E18-48CC-4530-BD1D-AEF10B9E701E}.ReleaseDevel|x86.ActiveCfg = ReleaseDevel|Win32
		{2FD69E18-48CC-4530-BD1D-AEF10B9E701E}.ReleaseStatic|Any CPU.ActiveCfg = ReleaseStatic|Win32
		{2FD69E18-48CC-4530-BD1D-AEF10B9E701E}.ReleaseStatic|Mixed Platforms.ActiveCfg = ReleaseStatic|Win32
		{2FD69E18-48CC-4530-BD1D-AEF10B9E701E}.ReleaseStatic|Mixed Platforms.Build.0 = ReleaseStatic|Win32
		{2FD69E18-48CC-4530-BD1D-AEF10B9E701E}.ReleaseStatic|Win32.ActiveCfg = ReleaseStatic|Win32
		{2FD69E18-48CC-4530-BD1D-AEF10B9E701E}.ReleaseStatic|Win32.Build.0 = ReleaseStatic|Win32
		{2FD69E18-48CC-4530-BD1D-AEF10B9E701E}.ReleaseStatic|x86.ActiveCfg = ReleaseStatic|Win32
		{F19F28AC-4BFF-4620-90A5-DBA4ADB52561}.Debug|Any CPU.ActiveCfg = Debug|Win32
		{F19F28AC-4BFF-4620-90A5-DBA4ADB52561}.Debug|Mixed Platforms.ActiveCfg = Debug|Win32
		{F19F28AC-4BFF-4620-90A5-DBA4ADB52561}.Debug|Mixed Platforms.Build.0 = Debug|Win32
		{F19F28AC-4BFF-4620-90A5-DBA4ADB52561}.Debug|Win32.ActiveCfg = Debug|Win32
		{F19F28AC-4BFF-4620-90A5-DBA4ADB52561}.Debug|Win32.Build.0 = Debug|Win32
		{F19F28AC-4BFF-4620-90A5-DBA4ADB52561}.Debug|x86.ActiveCfg = Debug|Win32
		{F19F28AC-4BFF-4620-90A5-DBA4ADB52561}.Release|Any CPU.ActiveCfg = Release|Win32
		{F19F28AC-4BFF-4620-90A5-DBA4ADB52561}.Release|Mixed Platforms.ActiveCfg = Release|Win32
		{F19F28AC-4BFF-4620-90A5-DBA4ADB52561}.Release|Mixed Platforms.Build.0 = Release|Win32
		{F19F28AC-4BFF-4620-90A5-DBA4ADB52561}.Release|Win32.ActiveCfg = Release|Win32
		{F19F28AC-4BFF-4620-90A5-DBA4ADB52561}.Release|Win32.Build.0 = Release|Win32
		{F19F28AC-4BFF-4620-90A5-DBA4ADB52561}.Release|x86.ActiveCfg = Release|Win32
		{F19F28AC-4BFF-4620-90A5-DBA4ADB52561}.ReleaseDevel|Any CPU.ActiveCfg = ReleaseDevel|Win32
		{F19F28AC-4BFF-4620-90A5-DBA4ADB52561}.ReleaseDevel|Mixed Platforms.ActiveCfg = ReleaseDevel|Win32
		{F19F28AC-4BFF-4620-90A5-DBA4ADB52561}.ReleaseDevel|Mixed Platforms.Build.0 = ReleaseDevel|Win32
		{F19F28AC-4BFF-4620-90A5-DBA4ADB52561}.ReleaseDevel|Win32.ActiveCfg = ReleaseDevel|Win32
		{F19F28AC-4BFF-4620-90A5-DBA4ADB52561}.ReleaseDevel|Win32.Build.0 = ReleaseDevel|Win32
		{F19F28AC-4BFF-4620-90A5-DBA4ADB52561}.ReleaseDevel|x86.ActiveCfg = ReleaseDevel|Win32
		{F19F28AC-4BFF-4620-90A5-DBA4ADB52561}.ReleaseStatic|Any CPU.ActiveCfg = ReleaseStatic|Win32
		{F19F28AC-4BFF-4620-90A5-DBA4ADB52561}.ReleaseStatic|Mixed Platforms.ActiveCfg = ReleaseStatic|Win32
		{F19F28AC-4BFF-4620-90A5-DBA4ADB52561}.ReleaseStatic|Mixed Platforms.Build.0 = ReleaseStatic|Win32
		{F19F28AC-4BFF-4620-90A5-DBA4ADB52561}.ReleaseStatic|Win32.ActiveCfg = ReleaseStatic|Win32
		{F19F28AC-4BFF-4620-90A5-DBA4ADB52561}.ReleaseStatic|Win32.Build.0 = ReleaseStatic|Win32
		{F19F28AC-4BFF-4620-90A5-DBA4ADB52561}.ReleaseStatic|x86.ActiveCfg = ReleaseStatic|Win32
		{1C97DE37-B221-4724-829F-0180AD20DDDB}.Debug|Any CPU.ActiveCfg = Debug|Any CPU
		{1C97DE37-B221-4724-829F-0180AD20DDDB}.Debug|Any CPU.Build.0 = Debug|Any CPU
		{1C97DE37-B221-4724-829F-0180AD20DDDB}.Debug|Mixed Platforms.ActiveCfg = Debug|Any CPU
		{1C97DE37-B221-4724-829F-0180AD20DDDB}.Debug|Mixed Platforms.Build.0 = Debug|Any CPU
		{1C97DE37-B221-4724-829F-0180AD20DDDB}.Debug|Win32.ActiveCfg = Debug|Any CPU
		{1C97DE37-B221-4724-829F-0180AD20DDDB}.Debug|x86.ActiveCfg = Debug|Any CPU
		{1C97DE37-B221-4724-829F-0180AD20DDDB}.Release|Any CPU.ActiveCfg = Release|Any CPU
		{1C97DE37-B221-4724-829F-0180AD20DDDB}.Release|Any CPU.Build.0 = Release|Any CPU
		{1C97DE37-B221-4724-829F-0180AD20DDDB}.Release|Mixed Platforms.ActiveCfg = Release|Any CPU
		{1C97DE37-B221-4724-829F-0180AD20DDDB}.Release|Mixed Platforms.Build.0 = Release|Any CPU
		{1C97DE37-B221-4724-829F-0180AD20DDDB}.Release|Win32.ActiveCfg = Release|Any CPU
		{1C97DE37-B221-4724-829F-0180AD20DDDB}.Release|x86.ActiveCfg = Release|Any CPU
		{1C97DE37-B221-4724-829F-0180AD20DDDB}.ReleaseDevel|Any CPU.ActiveCfg = ReleaseDevel|Any CPU
		{1C97DE37-B221-4724-829F-0180AD20DDDB}.ReleaseDevel|Any CPU.Build.0 = ReleaseDevel|Any CPU
		{1C97DE37-B221-4724-829F-0180AD20DDDB}.ReleaseDevel|Mixed Platforms.ActiveCfg = ReleaseDevel|Any CPU
		{1C97DE37-B221-4724-829F-0180AD20DDDB}.ReleaseDevel|Mixed Platforms.Build.0 = ReleaseDevel|Any CPU
		{1C97DE37-B221-4724-829F-0180AD20DDDB}.ReleaseDevel|Win32.ActiveCfg = ReleaseDevel|Any CPU
		{1C97DE37-B221-4724-829F-0180AD20DDDB}.ReleaseDevel|x86.ActiveCfg = ReleaseDevel|Any CPU
		{1C97DE37-B221-4724-829F-0180AD20DDDB}.ReleaseStatic|Any CPU.ActiveCfg = ReleaseStatic|Any CPU
		{1C97DE37-B221-4724-829F-0180AD20DDDB}.ReleaseStatic|Any CPU.Build.0 = ReleaseStatic|Any CPU
		{1C97DE37-B221-4724-829F-0180AD20DDDB}.ReleaseStatic|Mixed Platforms.ActiveCfg = ReleaseStatic|Any CPU
		{1C97DE37-B221-4724-829F-0180AD20DDDB}.ReleaseStatic|Mixed Platforms.Build.0 = ReleaseStatic|Any CPU
		{1C97DE37-B221-4724-829F-0180AD20DDDB}.ReleaseStatic|Win32.ActiveCfg = ReleaseStatic|Any CPU
		{1C97DE37-B221-4724-829F-0180AD20DDDB}.ReleaseStatic|x86.ActiveCfg = ReleaseStatic|Any CPU
		{0873BB1E-F7E5-4104-9A4F-E66FD891A407}.Debug|Any CPU.ActiveCfg = Debug|Win32
		{0873BB1E-F7E5-4104-9A4F-E66FD891A407}.Debug|Mixed Platforms.ActiveCfg = Debug|Win32
		{0873BB1E-F7E5-4104-9A4F-E66FD891A407}.Debug|Mixed Platforms.Build.0 = Debug|Win32
		{0873BB1E-F7E5-4104-9A4F-E66FD891A407}.Debug|Win32.ActiveCfg = Debug|Win32
		{0873BB1E-F7E5-4104-9A4F-E66FD891A407}.Debug|Win32.Build.0 = Debug|Win32
		{0873BB1E-F7E5-4104-9A4F-E66FD891A407}.Debug|x86.ActiveCfg = Debug|Win32
		{0873BB1E-F7E5-4104-9A4F-E66FD891A407}.Release|Any CPU.ActiveCfg = Release|Win32
		{0873BB1E-F7E5-4104-9A4F-E66FD891A407}.Release|Mixed Platforms.ActiveCfg = Release|Win32
		{0873BB1E-F7E5-4104-9A4F-E66FD891A407}.Release|Mixed Platforms.Build.0 = Release|Win32
		{0873BB1E-F7E5-4104-9A4F-E66FD891A407}.Release|Win32.ActiveCfg = Release|Win32
		{0873BB1E-F7E5-4104-9A4F-E66FD891A407}.Release|Win32.Build.0 = Release|Win32
		{0873BB1E-F7E5-4104-9A4F-E66FD891A407}.Release|x86.ActiveCfg = Release|Win32
		{0873BB1E-F7E5-4104-9A4F-E66FD891A407}.ReleaseDevel|Any CPU.ActiveCfg = ReleaseDevel|Win32
		{0873BB1E-F7E5-4104-9A4F-E66FD891A407}.ReleaseDevel|Mixed Platforms.ActiveCfg = ReleaseDevel|Win32
		{0873BB1E-F7E5-4104-9A4F-E66FD891A407}.ReleaseDevel|Mixed Platforms.Build.0 = ReleaseDevel|Win32
		{0873BB1E-F7E5-4104-9A4F-E66FD891A407}.ReleaseDevel|Win32.ActiveCfg = ReleaseDevel|Win32
		{0873BB1E-F7E5-4104-9A4F-E66FD891A407}.ReleaseDevel|Win32.Build.0 = ReleaseDevel|Win32
		{0873BB1E-F7E5-4104-9A4F-E66FD891A407}.ReleaseDevel|x86.ActiveCfg = ReleaseDevel|Win32
		{0873BB1E-F7E5-4104-9A4F-E66FD891A407}.ReleaseStatic|Any CPU.ActiveCfg = ReleaseStatic|Win32
		{0873BB1E-F7E5-4104-9A4F-E66FD891A407}.ReleaseStatic|Mixed Platforms.ActiveCfg = ReleaseStatic|Win32
		{0873BB1E-F7E5-4104-9A4F-E66FD891A407}.ReleaseStatic|Mixed Platforms.Build.0 = ReleaseStatic|Win32
		{0873BB1E-F7E5-4104-9A4F-E66FD891A407}.ReleaseStatic|Win32.ActiveCfg = ReleaseStatic|Win32
		{0873BB1E-F7E5-4104-9A4F-E66FD891A407}.ReleaseStatic|Win32.Build.0 = ReleaseStatic|Win32
		{0873BB1E-F7E5-4104-9A4F-E66FD891A407}.ReleaseStatic|x86.ActiveCfg = ReleaseStatic|Win32
		{C4687504-B9C5-4FC0-8B24-B01CD475E88E}.Debug|Any CPU.ActiveCfg = Debug|Win32
		{C4687504-B9C5-4FC0-8B24-B01CD475E88E}.Debug|Mixed Platforms.ActiveCfg = Debug|Win32
		{C4687504-B9C5-4FC0-8B24-B01CD475E88E}.Debug|Mixed Platforms.Build.0 = Debug|Win32
		{C4687504-B9C5-4FC0-8B24-B01CD475E88E}.Debug|Win32.ActiveCfg = Debug|Win32
		{C4687504-B9C5-4FC0-8B24-B01CD475E88E}.Debug|Win32.Build.0 = Debug|Win32
		{C4687504-B9C5-4FC0-8B24-B01CD475E88E}.Debug|x86.ActiveCfg = Debug|Win32
		{C4687504-B9C5-4FC0-8B24-B01CD475E88E}.Release|Any CPU.ActiveCfg = Release|Win32
		{C4687504-B9C5-4FC0-8B24-B01CD475E88E}.Release|Mixed Platforms.ActiveCfg = Release|Win32
		{C4687504-B9C5-4FC0-8B24-B01CD475E88E}.Release|Mixed Platforms.Build.0 = Release|Win32
		{C4687504-B9C5-4FC0-8B24-B01CD475E88E}.Release|Win32.ActiveCfg = Release|Win32
		{C4687504-B9C5-4FC0-8B24-B01CD475E88E}.Release|Win32.Build.0 = Release|Win32
		{C4687504-B9C5-4FC0-8B24-B01CD475E88E}.Release|x86.ActiveCfg = Release|Win32
		{C4687504-B9C5-4FC0-8B24-B01CD475E88E}.ReleaseDevel|Any CPU.ActiveCfg = ReleaseDevel|Win32
		{C4687504-B9C5-4FC0-8B24-B01CD475E88E}.ReleaseDevel|Mixed Platforms.ActiveCfg = ReleaseDevel|Win32
		{C4687504-B9C5-4FC0-8B24-B01CD475E88E}.ReleaseDevel|Mixed Platforms.Build.0 = ReleaseDevel|Win32
		{C4687504-B9C5-4FC0-8B24-B01CD475E88E}.ReleaseDevel|Win32.ActiveCfg = ReleaseDevel|Win32
		{C4687504-B9C5-4FC0-8B24-B01CD475E88E}.ReleaseDevel|Win32.Build.0 = ReleaseDevel|Win32
		{C4687504-B9C5-4FC0-8B24-B01CD475E88E}.ReleaseDevel|x86.ActiveCfg = ReleaseDevel|Win32
		{C4687504-B9C5-4FC0-8B24-B01CD475E88E}.ReleaseStatic|Any CPU.ActiveCfg = ReleaseStatic|Win32
		{C4687504-B9C5-4FC0-8B24-B01CD475E88E}.ReleaseStatic|Mixed Platforms.ActiveCfg = ReleaseStatic|Win32
		{C4687504-B9C5-4FC0-8B24-B01CD475E88E}.ReleaseStatic|Mixed Platforms.Build.0 = ReleaseStatic|Win32
		{C4687504-B9C5-4FC0-8B24-B01CD475E88E}.ReleaseStatic|Win32.ActiveCfg = ReleaseStatic|Win32
		{C4687504-B9C5-4FC0-8B24-B01CD475E88E}.ReleaseStatic|Win32.Build.0 = ReleaseStatic|Win32
		{C4687504-B9C5-4FC0-8B24-B01CD475E88E}.ReleaseStatic|x86.ActiveCfg = ReleaseStatic|Win32
		{A0CB4C72-1C11-4D59-94A0-2D6C65EEABD0}.Debug|Any CPU.ActiveCfg = Debug|Win32
		{A0CB4C72-1C11-4D59-94A0-2D6C65EEABD0}.Debug|Mixed Platforms.ActiveCfg = Debug|Win32
		{A0CB4C72-1C11-4D59-94A0-2D6C65EEABD0}.Debug|Mixed Platforms.Build.0 = Debug|Win32
		{A0CB4C72-1C11-4D59-94A0-2D6C65EEABD0}.Debug|Win32.ActiveCfg = Debug|Win32
		{A0CB4C72-1C11-4D59-94A0-2D6C65EEABD0}.Debug|Win32.Build.0 = Debug|Win32
		{A0CB4C72-1C11-4D59-94A0-2D6C65EEABD0}.Debug|x86.ActiveCfg = Debug|Win32
		{A0CB4C72-1C11-4D59-94A0-2D6C65EEABD0}.Release|Any CPU.ActiveCfg = Release|Win32
		{A0CB4C72-1C11-4D59-94A0-2D6C65EEABD0}.Release|Mixed Platforms.ActiveCfg = Release|Win32
		{A0CB4C72-1C11-4D59-94A0-2D6C65EEABD0}.Release|Mixed Platforms.Build.0 = Release|Win32
		{A0CB4C72-1C11-4D59-94A0-2D6C65EEABD0}.Release|Win32.ActiveCfg = Release|Win32
		{A0CB4C72-1C11-4D59-94A0-2D6C65EEABD0}.Release|Win32.Build.0 = Release|Win32
		{A0CB4C72-1C11-4D59-94A0-2D6C65EEABD0}.Release|x86.ActiveCfg = Release|Win32
		{A0CB4C72-1C11-4D59-94A0-2D6C65EEABD0}.ReleaseDevel|Any CPU.ActiveCfg = ReleaseDevel|Win32
		{A0CB4C72-1C11-4D59-94A0-2D6C65EEABD0}.ReleaseDevel|Mixed Platforms.ActiveCfg = ReleaseDevel|Win32
		{A0CB4C72-1C11-4D59-94A0-2D6C65EEABD0}.ReleaseDevel|Mixed Platforms.Build.0 = ReleaseDevel|Win32
		{A0CB4C72-1C11-4D59-94A0-2D6C65EEABD0}.ReleaseDevel|Win32.ActiveCfg = ReleaseDevel|Win32
		{A0CB4C72-1C11-4D59-94A0-2D6C65EEABD0}.ReleaseDevel|Win32.Build.0 = ReleaseDevel|Win32
		{A0CB4C72-1C11-4D59-94A0-2D6C65EEABD0}.ReleaseDevel|x86.ActiveCfg = ReleaseDevel|Win32
		{A0CB4C72-1C11-4D59-94A0-2D6C65EEABD0}.ReleaseStatic|Any CPU.ActiveCfg = ReleaseStatic|Win32
		{A0CB4C72-1C11-4D59-94A0-2D6C65EEABD0}.ReleaseStatic|Mixed Platforms.ActiveCfg = ReleaseStatic|Win32
		{A0CB4C72-1C11-4D59-94A0-2D6C65EEABD0}.ReleaseStatic|Mixed Platforms.Build.0 = ReleaseStatic|Win32
		{A0CB4C72-1C11-4D59-94A0-2D6C65EEABD0}.ReleaseStatic|Win32.ActiveCfg = ReleaseStatic|Win32
		{A0CB4C72-1C11-4D59-94A0-2D6C65EEABD0}.ReleaseStatic|Win32.Build.0 = ReleaseStatic|Win32
		{A0CB4C72-1C11-4D59-94A0-2D6C65EEABD0}.ReleaseStatic|x86.ActiveCfg = ReleaseStatic|Win32
		{EEE4DE1D-35B2-4D0B-B35C-C71449E71D96}.Debug|Any CPU.ActiveCfg = Debug|Win32
		{EEE4DE1D-35B2-4D0B-B35C-C71449E71D96}.Debug|Mixed Platforms.ActiveCfg = Debug|Win32
		{EEE4DE1D-35B2-4D0B-B35C-C71449E71D96}.Debug|Mixed Platforms.Build.0 = Debug|Win32
		{EEE4DE1D-35B2-4D0B-B35C-C71449E71D96}.Debug|Win32.ActiveCfg = Debug|Win32
		{EEE4DE1D-35B2-4D0B-B35C-C71449E71D96}.Debug|Win32.Build.0 = Debug|Win32
		{EEE4DE1D-35B2-4D0B-B35C-C71449E71D96}.Debug|x86.ActiveCfg = Debug|Win32
		{EEE4DE1D-35B2-4D0B-B35C-C71449E71D96}.Release|Any CPU.ActiveCfg = Release|Win32
		{EEE4DE1D-35B2-4D0B-B35C-C71449E71D96}.Release|Mixed Platforms.ActiveCfg = Release|Win32
		{EEE4DE1D-35B2-4D0B-B35C-C71449E71D96}.Release|Mixed Platforms.Build.0 = Release|Win32
		{EEE4DE1D-35B2-4D0B-B35C-C71449E71D96}.Release|Win32.ActiveCfg = Release|Win32
		{EEE4DE1D-35B2-4D0B-B35C-C71449E71D96}.Release|Win32.Build.0 = Release|Win32
		{EEE4DE1D-35B2-4D0B-B35C-C71449E71D96}.Release|x86.ActiveCfg = Release|Win32
		{EEE4DE1D-35B2-4D0B-B35C-C71449E71D96}.ReleaseDevel|Any CPU.ActiveCfg = ReleaseDevel|Win32
		{EEE4DE1D-35B2-4D0B-B35C-C71449E71D96}.ReleaseDevel|Mixed Platforms.ActiveCfg = ReleaseDevel|Win32
		{EEE4DE1D-35B2-4D0B-B35C-C71449E71D96}.ReleaseDevel|Mixed Platforms.Build.0 = ReleaseDevel|Win32
		{EEE4DE1D-35B2-4D0B-B35C-C71449E71D96}.ReleaseDevel|Win32.ActiveCfg = ReleaseDevel|Win32
		{EEE4DE1D-35B2-4D0B-B35C-C71449E71D96}.ReleaseDevel|Win32.Build.0 = ReleaseDevel|Win32
		{EEE4DE1D-35B2-4D0B-B35C-C71449E71D96}.ReleaseDevel|x86.ActiveCfg = ReleaseDevel|Win32
		{EEE4DE1D-35B2-4D0B-B35C-C71449E71D96}.ReleaseStatic|Any CPU.ActiveCfg = ReleaseStatic|Win32
		{EEE4DE1D-35B2-4D0B-B35C-C71449E71D96}.ReleaseStatic|Mixed Platforms.ActiveCfg = ReleaseStatic|Win32
		{EEE4DE1D-35B2-4D0B-B35C-C71449E71D96}.ReleaseStatic|Mixed Platforms.Build.0 = ReleaseStatic|Win32
		{EEE4DE1D-35B2-4D0B-B35C-C71449E71D96}.ReleaseStatic|Win32.ActiveCfg = ReleaseStatic|Win32
		{EEE4DE1D-35B2-4D0B-B35C-C71449E71D96}.ReleaseStatic|Win32.Build.0 = ReleaseStatic|Win32
		{EEE4DE1D-35B2-4D0B-B35C-C71449E71D96}.ReleaseStatic|x86.ActiveCfg = ReleaseStatic|Win32
		{C35AE0E0-B7C1-4438-9CBF-ED5BDA62D922}.Debug|Any CPU.ActiveCfg = Debug|Win32
		{C35AE0E0-B7C1-4438-9CBF-ED5BDA62D922}.Debug|Mixed Platforms.ActiveCfg = Debug|Win32
		{C35AE0E0-B7C1-4438-9CBF-ED5BDA62D922}.Debug|Mixed Platforms.Build.0 = Debug|Win32
		{C35AE0E0-B7C1-4438-9CBF-ED5BDA62D922}.Debug|Win32.ActiveCfg = Debug|Win32
		{C35AE0E0-B7C1-4438-9CBF-ED5BDA62D922}.Debug|Win32.Build.0 = Debug|Win32
		{C35AE0E0-B7C1-4438-9CBF-ED5BDA62D922}.Debug|x86.ActiveCfg = Debug|Win32
		{C35AE0E0-B7C1-4438-9CBF-ED5BDA62D922}.Release|Any CPU.ActiveCfg = Release|Win32
		{C35AE0E0-B7C1-4438-9CBF-ED5BDA62D922}.Release|Mixed Platforms.ActiveCfg = Release|Win32
		{C35AE0E0-B7C1-4438-9CBF-ED5BDA62D922}.Release|Mixed Platforms.Build.0 = Release|Win32
		{C35AE0E0-B7C1-4438-9CBF-ED5BDA62D922}.Release|Win32.ActiveCfg = Release|Win32
		{C35AE0E0-B7C1-4438-9CBF-ED5BDA62D922}.Release|Win32.Build.0 = Release|Win32
		{C35AE0E0-B7C1-4438-9CBF-ED5BDA62D922}.Release|x86.ActiveCfg = Release|Win32
		{C35AE0E0-B7C1-4438-9CBF-ED5BDA62D922}.ReleaseDevel|Any CPU.ActiveCfg = ReleaseDevel|Win32
		{C35AE0E0-B7C1-4438-9CBF-ED5BDA62D922}.ReleaseDevel|Mixed Platforms.ActiveCfg = ReleaseDevel|Win32
		{C35AE0E0-B7C1-4438-9CBF-ED5BDA62D922}.ReleaseDevel|Mixed Platforms.Build.0 = ReleaseDevel|Win32
		{C35AE0E0-B7C1-4438-9CBF-ED5BDA62D922}.ReleaseDevel|Win32.ActiveCfg = ReleaseDevel|Win32
		{C35AE0E0-B7C1-4438-9CBF-ED5BDA62D922}.ReleaseDevel|Win32.Build.0 = ReleaseDevel|Win32
		{C35AE0E0-B7C1-4438-9CBF-ED5BDA62D922}.ReleaseDevel|x86.ActiveCfg = ReleaseDevel|Win32
		{C35AE0E0-B7C1-4438-9CBF-ED5BDA62D922}.ReleaseStatic|Any CPU.ActiveCfg = ReleaseStatic|Win32
		{C35AE0E0-B7C1-4438-9CBF-ED5BDA62D922}.ReleaseStatic|Mixed Platforms.ActiveCfg = ReleaseStatic|Win32
		{C35AE0E0-B7C1-4438-9CBF-ED5BDA62D922}.ReleaseStatic|Mixed Platforms.Build.0 = ReleaseStatic|Win32
		{C35AE0E0-B7C1-4438-9CBF-ED5BDA62D922}.ReleaseStatic|Win32.ActiveCfg = ReleaseStatic|Win32
		{C35AE0E0-B7C1-4438-9CBF-ED5BDA62D922}.ReleaseStatic|Win32.Build.0 = ReleaseStatic|Win32
		{C35AE0E0-B7C1-4438-9CBF-ED5BDA62D922}.ReleaseStatic|x86.ActiveCfg = ReleaseStatic|Win32
		{80032696-33A0-4D2F-9992-2466DD9D9E5D}.Debug|Any CPU.ActiveCfg = Debug|Win32
		{80032696-33A0-4D2F-9992-2466DD9D9E5D}.Debug|Mixed Platforms.ActiveCfg = Debug|Win32
		{80032696-33A0-4D2F-9992-2466DD9D9E5D}.Debug|Mixed Platforms.Build.0 = Debug|Win32
		{80032696-33A0-4D2F-9992-2466DD9D9E5D}.Debug|Win32.ActiveCfg = Debug|Win32
		{80032696-33A0-4D2F-9992-2466DD9D9E5D}.Debug|Win32.Build.0 = Debug|Win32
		{80032696-33A0-4D2F-9992-2466DD9D9E5D}.Debug|x86.ActiveCfg = Debug|Win32
		{80032696-33A0-4D2F-9992-2466DD9D9E5D}.Release|Any CPU.ActiveCfg = Release|Win32
		{80032696-33A0-4D2F-9992-2466DD9D9E5D}.Release|Mixed Platforms.ActiveCfg = Release|Win32
		{80032696-33A0-4D2F-9992-2466DD9D9E5D}.Release|Mixed Platforms.Build.0 = Release|Win32
		{80032696-33A0-4D2F-9992-2466DD9D9E5D}.Release|Win32.ActiveCfg = Release|Win32
		{80032696-33A0-4D2F-9992-2466DD9D9E5D}.Release|Win32.Build.0 = Release|Win32
		{80032696-33A0-4D2F-9992-2466DD9D9E5D}.Release|x86.ActiveCfg = Release|Win32
		{80032696-33A0-4D2F-9992-2466DD9D9E5D}.ReleaseDevel|Any CPU.ActiveCfg = ReleaseDevel|Win32
		{80032696-33A0-4D2F-9992-2466DD9D9E5D}.ReleaseDevel|Mixed Platforms.ActiveCfg = ReleaseDevel|Win32
		{80032696-33A0-4D2F-9992-2466DD9D9E5D}.ReleaseDevel|Mixed Platforms.Build.0 = ReleaseDevel|Win32
		{80032696-33A0-4D2F-9992-2466DD9D9E5D}.ReleaseDevel|Win32.ActiveCfg = ReleaseDevel|Win32
		{80032696-33A0-4D2F-9992-2466DD9D9E5D}.ReleaseDevel|Win32.Build.0 = ReleaseDevel|Win32
		{80032696-33A0-4D2F-9992-2466DD9D9E5D}.ReleaseDevel|x86.ActiveCfg = ReleaseDevel|Win32
		{80032696-33A0-4D2F-9992-2466DD9D9E5D}.ReleaseStatic|Any CPU.ActiveCfg = ReleaseStatic|Win32
		{80032696-33A0-4D2F-9992-2466DD9D9E5D}.ReleaseStatic|Mixed Platforms.ActiveCfg = ReleaseStatic|Win32
		{80032696-33A0-4D2F-9992-2466DD9D9E5D}.ReleaseStatic|Mixed Platforms.Build.0 = ReleaseStatic|Win32
		{80032696-33A0-4D2F-9992-2466DD9D9E5D}.ReleaseStatic|Win32.ActiveCfg = ReleaseStatic|Win32
		{80032696-33A0-4D2F-9992-2466DD9D9E5D}.ReleaseStatic|Win32.Build.0 = ReleaseStatic|Win32
		{80032696-33A0-4D2F-9992-2466DD9D9E5D}.ReleaseStatic|x86.ActiveCfg = ReleaseStatic|Win32
		{7DC204FC-E590-4D66-B0C8-A105FBFB31E0}.Debug|Any CPU.ActiveCfg = Debug|Win32
		{7DC204FC-E590-4D66-B0C8-A105FBFB31E0}.Debug|Mixed Platforms.ActiveCfg = Debug|Win32
		{7DC204FC-E590-4D66-B0C8-A105FBFB31E0}.Debug|Mixed Platforms.Build.0 = Debug|Win32
		{7DC204FC-E590-4D66-B0C8-A105FBFB31E0}.Debug|Win32.ActiveCfg = Debug|Win32
		{7DC204FC-E590-4D66-B0C8-A105FBFB31E0}.Debug|Win32.Build.0 = Debug|Win32
		{7DC204FC-E590-4D66-B0C8-A105FBFB31E0}.Debug|x86.ActiveCfg = Debug|Win32
		{7DC204FC-E590-4D66-B0C8-A105FBFB31E0}.Release|Any CPU.ActiveCfg = Release|Win32
		{7DC204FC-E590-4D66-B0C8-A105FBFB31E0}.Release|Mixed Platforms.ActiveCfg = Release|Win32
		{7DC204FC-E590-4D66-B0C8-A105FBFB31E0}.Release|Mixed Platforms.Build.0 = Release|Win32
		{7DC204FC-E590-4D66-B0C8-A105FBFB31E0}.Release|Win32.ActiveCfg = Release|Win32
		{7DC204FC-E590-4D66-B0C8-A105FBFB31E0}.Release|Win32.Build.0 = Release|Win32
		{7DC204FC-E590-4D66-B0C8-A105FBFB31E0}.Release|x86.ActiveCfg = Release|Win32
		{7DC204FC-E590-4D66-B0C8-A105FBFB31E0}.ReleaseDevel|Any CPU.ActiveCfg = ReleaseDevel|Win32
		{7DC204FC-E590-4D66-B0C8-A105FBFB31E0}.ReleaseDevel|Mixed Platforms.ActiveCfg = ReleaseDevel|Win32
		{7DC204FC-E590-4D66-B0C8-A105FBFB31E0}.ReleaseDevel|Mixed Platforms.Build.0 = ReleaseDevel|Win32
		{7DC204FC-E590-4D66-B0C8-A105FBFB31E0}.ReleaseDevel|Win32.ActiveCfg = ReleaseDevel|Win32
		{7DC204FC-E590-4D66-B0C8-A105FBFB31E0}.ReleaseDevel|Win32.Build.0 = ReleaseDevel|Win32
		{7DC204FC-E590-4D66-B0C8-A105FBFB31E0}.ReleaseDevel|x86.ActiveCfg = ReleaseDevel|Win32
		{7DC204FC-E590-4D66-B0C8-A105FBFB31E0}.ReleaseStatic|Any CPU.ActiveCfg = ReleaseStatic|Win32
		{7DC204FC-E590-4D66-B0C8-A105FBFB31E0}.ReleaseStatic|Mixed Platforms.ActiveCfg = ReleaseStatic|Win32
		{7DC204FC-E590-4D66-B0C8-A105FBFB31E0}.ReleaseStatic|Mixed Platforms.Build.0 = ReleaseStatic|Win32
		{7DC204FC-E590-4D66-B0C8-A105FBFB31E0}.ReleaseStatic|Win32.ActiveCfg = ReleaseStatic|Win32
		{7DC204FC-E590-4D66-B0C8-A105FBFB31E0}.ReleaseStatic|Win32.Build.0 = ReleaseStatic|Win32
		{7DC204FC-E590-4D66-B0C8-A105FBFB31E0}.ReleaseStatic|x86.ActiveCfg = ReleaseStatic|Win32
		{FC7F414F-10DE-4467-A517-AF5A3EB4CB2E}.Debug|Any CPU.ActiveCfg = Debug|Any CPU
		{FC7F414F-10DE-4467-A517-AF5A3EB4CB2E}.Debug|Any CPU.Build.0 = Debug|Any CPU
		{FC7F414F-10DE-4467-A517-AF5A3EB4CB2E}.Debug|Mixed Platforms.ActiveCfg = Debug|Any CPU
		{FC7F414F-10DE-4467-A517-AF5A3EB4CB2E}.Debug|Mixed Platforms.Build.0 = Debug|Any CPU
		{FC7F414F-10DE-4467-A517-AF5A3EB4CB2E}.Debug|Win32.ActiveCfg = Debug|Any CPU
		{FC7F414F-10DE-4467-A517-AF5A3EB4CB2E}.Debug|x86.ActiveCfg = Debug|Any CPU
		{FC7F414F-10DE-4467-A517-AF5A3EB4CB2E}.Release|Any CPU.ActiveCfg = Release|Any CPU
		{FC7F414F-10DE-4467-A517-AF5A3EB4CB2E}.Release|Any CPU.Build.0 = Release|Any CPU
		{FC7F414F-10DE-4467-A517-AF5A3EB4CB2E}.Release|Mixed Platforms.ActiveCfg = Release|Any CPU
		{FC7F414F-10DE-4467-A517-AF5A3EB4CB2E}.Release|Mixed Platforms.Build.0 = Release|Any CPU
		{FC7F414F-10DE-4467-A517-AF5A3EB4CB2E}.Release|Win32.ActiveCfg = Release|Any CPU
		{FC7F414F-10DE-4467-A517-AF5A3EB4CB2E}.Release|x86.ActiveCfg = Release|Any CPU
		{FC7F414F-10DE-4467-A517-AF5A3EB4CB2E}.ReleaseDevel|Any CPU.ActiveCfg = ReleaseDevel|Any CPU
		{FC7F414F-10DE-4467-A517-AF5A3EB4CB2E}.ReleaseDevel|Any CPU.Build.0 = ReleaseDevel|Any CPU
		{FC7F414F-10DE-4467-A517-AF5A3EB4CB2E}.ReleaseDevel|Mixed Platforms.ActiveCfg = ReleaseDevel|Any CPU
		{FC7F414F-10DE-4467-A517-AF5A3EB4CB2E}.ReleaseDevel|Mixed Platforms.Build.0 = ReleaseDevel|Any CPU
		{FC7F414F-10DE-4467-A517-AF5A3EB4CB2E}.ReleaseDevel|Win32.ActiveCfg = ReleaseDevel|Any CPU
		{FC7F414F-10DE-4467-A517-AF5A3EB4CB2E}.ReleaseDevel|x86.ActiveCfg = ReleaseDevel|Any CPU
		{FC7F414F-10DE-4467-A517-AF5A3EB4CB2E}.ReleaseStatic|Any CPU.ActiveCfg = ReleaseStatic|Any CPU
		{FC7F414F-10DE-4467-A517-AF5A3EB4CB2E}.ReleaseStatic|Any CPU.Build.0 = ReleaseStatic|Any CPU
		{FC7F414F-10DE-4467-A517-AF5A3EB4CB2E}.ReleaseStatic|Mixed Platforms.ActiveCfg = ReleaseStatic|Any CPU
		{FC7F414F-10DE-4467-A517-AF5A3EB4CB2E}.ReleaseStatic|Mixed Platforms.Build.0 = ReleaseStatic|Any CPU
		{FC7F414F-10DE-4467-A517-AF5A3EB4CB2E}.ReleaseStatic|Win32.ActiveCfg = ReleaseStatic|Any CPU
		{FC7F414F-10DE-4467-A517-AF5A3EB4CB2E}.ReleaseStatic|x86.ActiveCfg = ReleaseStatic|Any CPU
		{C44D565B-5820-4EE5-8311-7D6D25AD3773}.Debug|Any CPU.ActiveCfg = Debug|Win32
		{C44D565B-5820-4EE5-8311-7D6D25AD3773}.Debug|Mixed Platforms.ActiveCfg = Debug|Win32
		{C44D565B-5820-4EE5-8311-7D6D25AD3773}.Debug|Mixed Platforms.Build.0 = Debug|Win32
		{C44D565B-5820-4EE5-8311-7D6D25AD3773}.Debug|Win32.ActiveCfg = Debug|Win32
		{C44D565B-5820-4EE5-8311-7D6D25AD3773}.Debug|Win32.Build.0 = Debug|Win32
		{C44D565B-5820-4EE5-8311-7D6D25AD3773}.Debug|x86.ActiveCfg = Debug|Win32
		{C44D565B-5820-4EE5-8311-7D6D25AD3773}.Release|Any CPU.ActiveCfg = Release|Win32
		{C44D565B-5820-4EE5-8311-7D6D25AD3773}.Release|Mixed Platforms.ActiveCfg = Release|Win32
		{C44D565B-5820-4EE5-8311-7D6D25AD3773}.Release|Mixed Platforms.Build.0 = Release|Win32
		{C44D565B-5820-4EE5-8311-7D6D25AD3773}.Release|Win32.ActiveCfg = Release|Win32
		{C44D565B-5820-4EE5-8311-7D6D25AD3773}.Release|Win32.Build.0 = Release|Win32
		{C44D565B-5820-4EE5-8311-7D6D25AD3773}.Release|x86.ActiveCfg = Release|Win32
		{C44D565B-5820-4EE5-8311-7D6D25AD3773}.ReleaseDevel|Any CPU.ActiveCfg = ReleaseDevel|Win32
		{C44D565B-5820-4EE5-8311-7D6D25AD3773}.ReleaseDevel|Mixed Platforms.ActiveCfg = ReleaseDevel|Win32
		{C44D565B-5820-4EE5-8311-7D6D25AD3773}.ReleaseDevel|Mixed Platforms.Build.0 = ReleaseDevel|Win32
		{C44D565B-5820-4EE5-8311-7D6D25AD3773}.ReleaseDevel|Win32.ActiveCfg = ReleaseDevel|Win32
		{C44D565B-5820-4EE5-8311-7D6D25AD3773}.ReleaseDevel|Win32.Build.0 = ReleaseDevel|Win32
		{C44D565B-5820-4EE5-8311-7D6D25AD3773}.ReleaseDevel|x86.ActiveCfg = ReleaseDevel|Win32
		{C44D565B-5820-4EE5-8311-7D6D25AD3773}.ReleaseStatic|Any CPU.ActiveCfg = ReleaseStatic|Win32
		{C44D565B-5820-4EE5-8311-7D6D25AD3773}.ReleaseStatic|Mixed Platforms.ActiveCfg = ReleaseStatic|Win32
		{C44D565B-5820-4EE5-8311-7D6D25AD3773}.ReleaseStatic|Mixed Platforms.Build.0 = ReleaseStatic|Win32
		{C44D565B-5820-4EE5-8311-7D6D25AD3773}.ReleaseStatic|Win32.ActiveCfg = ReleaseStatic|Win32
		{C44D565B-5820-4EE5-8311-7D6D25AD3773}.ReleaseStatic|Win32.Build.0 = ReleaseStatic|Win32
		{C44D565B-5820-4EE5-8311-7D6D25AD3773}.ReleaseStatic|x86.ActiveCfg = ReleaseStatic|Win32
		{2DEA036B-06D7-462B-81CD-FD4D0304B284}.Debug|Any CPU.ActiveCfg = Debug|Win32
		{2DEA036B-06D7-462B-81CD-FD4D0304B284}.Debug|Mixed Platforms.ActiveCfg = Debug|Win32
		{2DEA036B-06D7-462B-81CD-FD4D0304B284}.Debug|Mixed Platforms.Build.0 = Debug|Win32
		{2DEA036B-06D7-462B-81CD-FD4D0304B284}.Debug|Win32.ActiveCfg = Debug|Win32
		{2DEA036B-06D7-462B-81CD-FD4D0304B284}.Debug|Win32.Build.0 = Debug|Win32
		{2DEA036B-06D7-462B-81CD-FD4D0304B284}.Debug|x86.ActiveCfg = Debug|Win32
		{2DEA036B-06D7-462B-81CD-FD4D0304B284}.Release|Any CPU.ActiveCfg = Release|Win32
		{2DEA036B-06D7-462B-81CD-FD4D0304B284}.Release|Mixed Platforms.ActiveCfg = Release|Win32
		{2DEA036B-06D7-462B-81CD-FD4D0304B284}.Release|Mixed Platforms.Build.0 = Release|Win32
		{2DEA036B-06D7-462B-81CD-FD4D0304B284}.Release|Win32.ActiveCfg = Release|Win32
		{2DEA036B-06D7-462B-81CD-FD4D0304B284}.Release|Win32.Build.0 = Release|Win32
		{2DEA036B-06D7-462B-81CD-FD4D0304B284}.Release|x86.ActiveCfg = Release|Win32
		{2DEA036B-06D7-462B-81CD-FD4D0304B284}.ReleaseDevel|Any CPU.ActiveCfg = Release|Win32
		{2DEA036B-06D7-462B-81CD-FD4D0304B284}.ReleaseDevel|Mixed Platforms.ActiveCfg = ReleaseDevel|Win32
		{2DEA036B-06D7-462B-81CD-FD4D0304B284}.ReleaseDevel|Mixed Platforms.Build.0 = ReleaseDevel|Win32
		{2DEA036B-06D7-462B-81CD-FD4D0304B284}.ReleaseDevel|Win32.ActiveCfg = Release|Win32
		{2DEA036B-06D7-462B-81CD-FD4D0304B284}.ReleaseDevel|Win32.Build.0 = Release|Win32
		{2DEA036B-06D7-462B-81CD-FD4D0304B284}.ReleaseDevel|x86.ActiveCfg = ReleaseDevel|Win32
		{2DEA036B-06D7-462B-81CD-FD4D0304B284}.ReleaseStatic|Any CPU.ActiveCfg = Release|Win32
		{2DEA036B-06D7-462B-81CD-FD4D0304B284}.ReleaseStatic|Mixed Platforms.ActiveCfg = ReleaseStatic|Win32
		{2DEA036B-06D7-462B-81CD-FD4D0304B284}.ReleaseStatic|Mixed Platforms.Build.0 = ReleaseStatic|Win32
		{2DEA036B-06D7-462B-81CD-FD4D0304B284}.ReleaseStatic|Win32.ActiveCfg = Release|Win32
		{2DEA036B-06D7-462B-81CD-FD4D0304B284}.ReleaseStatic|Win32.Build.0 = Release|Win32
		{2DEA036B-06D7-462B-81CD-FD4D0304B284}.ReleaseStatic|x86.ActiveCfg = ReleaseStatic|Win32
		{8A5305B8-C956-4240-B9EB-8FA4DD4DEEC8}.Debug|Any CPU.ActiveCfg = Debug|Win32
		{8A5305B8-C956-4240-B9EB-8FA4DD4DEEC8}.Debug|Mixed Platforms.ActiveCfg = Debug|Win32
		{8A5305B8-C956-4240-B9EB-8FA4DD4DEEC8}.Debug|Mixed Platforms.Build.0 = Debug|Win32
		{8A5305B8-C956-4240-B9EB-8FA4DD4DEEC8}.Debug|Win32.ActiveCfg = Debug|Win32
		{8A5305B8-C956-4240-B9EB-8FA4DD4DEEC8}.Debug|Win32.Build.0 = Debug|Win32
		{8A5305B8-C956-4240-B9EB-8FA4DD4DEEC8}.Debug|x86.ActiveCfg = Debug|Win32
		{8A5305B8-C956-4240-B9EB-8FA4DD4DEEC8}.Release|Any CPU.ActiveCfg = Release|Win32
		{8A5305B8-C956-4240-B9EB-8FA4DD4DEEC8}.Release|Mixed Platforms.ActiveCfg = Release|Win32
		{8A5305B8-C956-4240-B9EB-8FA4DD4DEEC8}.Release|Mixed Platforms.Build.0 = Release|Win32
		{8A5305B8-C956-4240-B9EB-8FA4DD4DEEC8}.Release|Win32.ActiveCfg = Release|Win32
		{8A5305B8-C956-4240-B9EB-8FA4DD4DEEC8}.Release|Win32.Build.0 = Release|Win32
		{8A5305B8-C956-4240-B9EB-8FA4DD4DEEC8}.Release|x86.ActiveCfg = Release|Win32
		{8A5305B8-C956-4240-B9EB-8FA4DD4DEEC8}.ReleaseDevel|Any CPU.ActiveCfg = Release|Win32
		{8A5305B8-C956-4240-B9EB-8FA4DD4DEEC8}.ReleaseDevel|Mixed Platforms.ActiveCfg = ReleaseDevel|Win32
		{8A5305B8-C956-4240-B9EB-8FA4DD4DEEC8}.ReleaseDevel|Mixed Platforms.Build.0 = ReleaseDevel|Win32
		{8A5305B8-C956-4240-B9EB-8FA4DD4DEEC8}.ReleaseDevel|Win32.ActiveCfg = Release|Win32
		{8A5305B8-C956-4240-B9EB-8FA4DD4DEEC8}.ReleaseDevel|Win32.Build.0 = Release|Win32
		{8A5305B8-C956-4240-B9EB-8FA4DD4DEEC8}.ReleaseDevel|x86.ActiveCfg = ReleaseDevel|Win32
		{8A5305B8-C956-4240-B9EB-8FA4DD4DEEC8}.ReleaseStatic|Any CPU.ActiveCfg = Release|Win32
		{8A5305B8-C956-4240-B9EB-8FA4DD4DEEC8}.ReleaseStatic|Mixed Platforms.ActiveCfg = ReleaseStatic|Win32
		{8A5305B8-C956-4240-B9EB-8FA4DD4DEEC8}.ReleaseStatic|Mixed Platforms.Build.0 = ReleaseStatic|Win32
		{8A5305B8-C956-4240-B9EB-8FA4DD4DEEC8}.ReleaseStatic|Win32.ActiveCfg = Release|Win32
		{8A5305B8-C956-4240-B9EB-8FA4DD4DEEC8}.ReleaseStatic|Win32.Build.0 = Release|Win32
		{8A5305B8-C956-4240-B9EB-8FA4DD4DEEC8}.ReleaseStatic|x86.ActiveCfg = ReleaseStatic|Win32
		{3724C15A-3997-4A92-85E3-36E9C3873E6F}.Debug|Any CPU.ActiveCfg = Debug|Any CPU
		{3724C15A-3997-4A92-85E3-36E9C3873E6F}.Debug|Any CPU.Build.0 = Debug|Any CPU
		{3724C15A-3997-4A92-85E3-36E9C3873E6F}.Debug|Mixed Platforms.ActiveCfg = Debug|Any CPU
		{3724C15A-3997-4A92-85E3-36E9C3873E6F}.Debug|Mixed Platforms.Build.0 = Debug|Any CPU
		{3724C15A-3997-4A92-85E3-36E9C3873E6F}.Debug|Win32.ActiveCfg = Debug|Any CPU
		{3724C15A-3997-4A92-85E3-36E9C3873E6F}.Debug|x86.ActiveCfg = Debug|Any CPU
		{3724C15A-3997-4A92-85E3-36E9C3873E6F}.Release|Any CPU.ActiveCfg = Release|Any CPU
		{3724C15A-3997-4A92-85E3-36E9C3873E6F}.Release|Any CPU.Build.0 = Release|Any CPU
		{3724C15A-3997-4A92-85E3-36E9C3873E6F}.Release|Mixed Platforms.ActiveCfg = Release|Any CPU
		{3724C15A-3997-4A92-85E3-36E9C3873E6F}.Release|Mixed Platforms.Build.0 = Release|Any CPU
		{3724C15A-3997-4A92-85E3-36E9C3873E6F}.Release|Win32.ActiveCfg = Release|Any CPU
		{3724C15A-3997-4A92-85E3-36E9C3873E6F}.Release|x86.ActiveCfg = Release|Any CPU
		{3724C15A-3997-4A92-85E3-36E9C3873E6F}.ReleaseDevel|Any CPU.ActiveCfg = Release|Any CPU
		{3724C15A-3997-4A92-85E3-36E9C3873E6F}.ReleaseDevel|Any CPU.Build.0 = Release|Any CPU
		{3724C15A-3997-4A92-85E3-36E9C3873E6F}.ReleaseDevel|Mixed Platforms.ActiveCfg = ReleaseDevel|Any CPU
		{3724C15A-3997-4A92-85E3-36E9C3873E6F}.ReleaseDevel|Mixed Platforms.Build.0 = ReleaseDevel|Any CPU
		{3724C15A-3997-4A92-85E3-36E9C3873E6F}.ReleaseDevel|Win32.ActiveCfg = Release|Any CPU
		{3724C15A-3997-4A92-85E3-36E9C3873E6F}.ReleaseDevel|x86.ActiveCfg = Release|Any CPU
		{3724C15A-3997-4A92-85E3-36E9C3873E6F}.ReleaseStatic|Any CPU.ActiveCfg = Release|Any CPU
		{3724C15A-3997-4A92-85E3-36E9C3873E6F}.ReleaseStatic|Any CPU.Build.0 = Release|Any CPU
		{3724C15A-3997-4A92-85E3-36E9C3873E6F}.ReleaseStatic|Mixed Platforms.ActiveCfg = ReleaseStatic|Any CPU
		{3724C15A-3997-4A92-85E3-36E9C3873E6F}.ReleaseStatic|Mixed Platforms.Build.0 = ReleaseStatic|Any CPU
		{3724C15A-3997-4A92-85E3-36E9C3873E6F}.ReleaseStatic|Win32.ActiveCfg = Release|Any CPU
		{3724C15A-3997-4A92-85E3-36E9C3873E6F}.ReleaseStatic|x86.ActiveCfg = Release|Any CPU
		{1296D5C5-33AA-4D0A-8122-FED31DFCF918}.Debug|Any CPU.ActiveCfg = Debug|Win32
		{1296D5C5-33AA-4D0A-8122-FED31DFCF918}.Debug|Mixed Platforms.ActiveCfg = Debug|Win32
		{1296D5C5-33AA-4D0A-8122-FED31DFCF918}.Debug|Mixed Platforms.Build.0 = Debug|Win32
		{1296D5C5-33AA-4D0A-8122-FED31DFCF918}.Debug|Win32.ActiveCfg = Debug|Win32
		{1296D5C5-33AA-4D0A-8122-FED31DFCF918}.Debug|Win32.Build.0 = Debug|Win32
		{1296D5C5-33AA-4D0A-8122-FED31DFCF918}.Debug|x86.ActiveCfg = Debug|Win32
		{1296D5C5-33AA-4D0A-8122-FED31DFCF918}.Release|Any CPU.ActiveCfg = Release|Win32
		{1296D5C5-33AA-4D0A-8122-FED31DFCF918}.Release|Mixed Platforms.ActiveCfg = Release|Win32
		{1296D5C5-33AA-4D0A-8122-FED31DFCF918}.Release|Mixed Platforms.Build.0 = Release|Win32
		{1296D5C5-33AA-4D0A-8122-FED31DFCF918}.Release|Win32.ActiveCfg = Release|Win32
		{1296D5C5-33AA-4D0A-8122-FED31DFCF918}.Release|Win32.Build.0 = Release|Win32
		{1296D5C5-33AA-4D0A-8122-FED31DFCF918}.Release|x86.ActiveCfg = Release|Win32
		{1296D5C5-33AA-4D0A-8122-FED31DFCF918}.ReleaseDevel|Any CPU.ActiveCfg = Release|Win32
		{1296D5C5-33AA-4D0A-8122-FED31DFCF918}.ReleaseDevel|Mixed Platforms.ActiveCfg = ReleaseDevel|Win32
		{1296D5C5-33AA-4D0A-8122-FED31DFCF918}.ReleaseDevel|Mixed Platforms.Build.0 = ReleaseDevel|Win32
		{1296D5C5-33AA-4D0A-8122-FED31DFCF918}.ReleaseDevel|Win32.ActiveCfg = Release|Win32
		{1296D5C5-33AA-4D0A-8122-FED31DFCF918}.ReleaseDevel|Win32.Build.0 = Release|Win32
		{1296D5C5-33AA-4D0A-8122-FED31DFCF918}.ReleaseDevel|x86.ActiveCfg = Release|Win32
		{1296D5C5-33AA-4D0A-8122-FED31DFCF918}.ReleaseStatic|Any CPU.ActiveCfg = Release|Win32
		{1296D5C5-33AA-4D0A-8122-FED31DFCF918}.ReleaseStatic|Mixed Platforms.ActiveCfg = ReleaseStatic|Win32
		{1296D5C5-33AA-4D0A-8122-FED31DFCF918}.ReleaseStatic|Mixed Platforms.Build.0 = ReleaseStatic|Win32
		{1296D5C5-33AA-4D0A-8122-FED31DFCF918}.ReleaseStatic|Win32.ActiveCfg = Release|Win32
		{1296D5C5-33AA-4D0A-8122-FED31DFCF918}.ReleaseStatic|Win32.Build.0 = Release|Win32
		{1296D5C5-33AA-4D0A-8122-FED31DFCF918}.ReleaseStatic|x86.ActiveCfg = Release|Win32
		{D2BD4A88-7099-4BCD-AE2C-4E6DB256F402}.Debug|Any CPU.ActiveCfg = Debug|Win32
		{D2BD4A88-7099-4BCD-AE2C-4E6DB256F402}.Debug|Mixed Platforms.ActiveCfg = Debug|Win32
		{D2BD4A88-7099-4BCD-AE2C-4E6DB256F402}.Debug|Mixed Platforms.Build.0 = Debug|Win32
		{D2BD4A88-7099-4BCD-AE2C-4E6DB256F402}.Debug|Win32.ActiveCfg = Debug|Win32
		{D2BD4A88-7099-4BCD-AE2C-4E6DB256F402}.Debug|Win32.Build.0 = Debug|Win32
		{D2BD4A88-7099-4BCD-AE2C-4E6DB256F402}.Debug|x86.ActiveCfg = Debug|Win32
		{D2BD4A88-7099-4BCD-AE2C-4E6DB256F402}.Release|Any CPU.ActiveCfg = Release|Win32
		{D2BD4A88-7099-4BCD-AE2C-4E6DB256F402}.Release|Mixed Platforms.ActiveCfg = Release|Win32
		{D2BD4A88-7099-4BCD-AE2C-4E6DB256F402}.Release|Mixed Platforms.Build.0 = Release|Win32
		{D2BD4A88-7099-4BCD-AE2C-4E6DB256F402}.Release|Win32.ActiveCfg = Release|Win32
		{D2BD4A88-7099-4BCD-AE2C-4E6DB256F402}.Release|Win32.Build.0 = Release|Win32
		{D2BD4A88-7099-4BCD-AE2C-4E6DB256F402}.Release|x86.ActiveCfg = Release|Win32
		{D2BD4A88-7099-4BCD-AE2C-4E6DB256F402}.ReleaseDevel|Any CPU.ActiveCfg = ReleaseDevel|Win32
		{D2BD4A88-7099-4BCD-AE2C-4E6DB256F402}.ReleaseDevel|Mixed Platforms.ActiveCfg = ReleaseDevel|Win32
		{D2BD4A88-7099-4BCD-AE2C-4E6DB256F402}.ReleaseDevel|Mixed Platforms.Build.0 = ReleaseDevel|Win32
		{D2BD4A88-7099-4BCD-AE2C-4E6DB256F402}.ReleaseDevel|Win32.ActiveCfg = ReleaseDevel|Win32
		{D2BD4A88-7099-4BCD-AE2C-4E6DB256F402}.ReleaseDevel|Win32.Build.0 = ReleaseDevel|Win32
		{D2BD4A88-7099-4BCD-AE2C-4E6DB256F402}.ReleaseDevel|x86.ActiveCfg = ReleaseDevel|Win32
		{D2BD4A88-7099-4BCD-AE2C-4E6DB256F402}.ReleaseStatic|Any CPU.ActiveCfg = ReleaseStatic|Win32
		{D2BD4A88-7099-4BCD-AE2C-4E6DB256F402}.ReleaseStatic|Mixed Platforms.ActiveCfg = ReleaseStatic|Win32
		{D2BD4A88-7099-4BCD-AE2C-4E6DB256F402}.ReleaseStatic|Mixed Platforms.Build.0 = ReleaseStatic|Win32
		{D2BD4A88-7099-4BCD-AE2C-4E6DB256F402}.ReleaseStatic|Win32.ActiveCfg = ReleaseStatic|Win32
		{D2BD4A88-7099-4BCD-AE2C-4E6DB256F402}.ReleaseStatic|Win32.Build.0 = ReleaseStatic|Win32
		{D2BD4A88-7099-4BCD-AE2C-4E6DB256F402}.ReleaseStatic|x86.ActiveCfg = ReleaseStatic|Win32
		{6496D5C5-33AA-4D0A-8122-FED31DFCF918}.Debug|Any CPU.ActiveCfg = Debug|Win32
		{6496D5C5-33AA-4D0A-8122-FED31DFCF918}.Debug|Mixed Platforms.ActiveCfg = Debug|Win32
		{6496D5C5-33AA-4D0A-8122-FED31DFCF918}.Debug|Mixed Platforms.Build.0 = Debug|Win32
		{6496D5C5-33AA-4D0A-8122-FED31DFCF918}.Debug|Win32.ActiveCfg = Debug|Win32
		{6496D5C5-33AA-4D0A-8122-FED31DFCF918}.Debug|Win32.Build.0 = Debug|Win32
		{6496D5C5-33AA-4D0A-8122-FED31DFCF918}.Debug|x86.ActiveCfg = Debug|Win32
		{6496D5C5-33AA-4D0A-8122-FED31DFCF918}.Release|Any CPU.ActiveCfg = Release|Win32
		{6496D5C5-33AA-4D0A-8122-FED31DFCF918}.Release|Mixed Platforms.ActiveCfg = Release|Win32
		{6496D5C5-33AA-4D0A-8122-FED31DFCF918}.Release|Mixed Platforms.Build.0 = Release|Win32
		{6496D5C5-33AA-4D0A-8122-FED31DFCF918}.Release|Win32.ActiveCfg = Release|Win32
		{6496D5C5-33AA-4D0A-8122-FED31DFCF918}.Release|Win32.Build.0 = Release|Win32
		{6496D5C5-33AA-4D0A-8122-FED31DFCF918}.Release|x86.ActiveCfg = Release|Win32
		{6496D5C5-33AA-4D0A-8122-FED31DFCF918}.ReleaseDevel|Any CPU.ActiveCfg = ReleaseDevel|Win32
		{6496D5C5-33AA-4D0A-8122-FED31DFCF918}.ReleaseDevel|Mixed Platforms.ActiveCfg = ReleaseDevel|Win32
		{6496D5C5-33AA-4D0A-8122-FED31DFCF918}.ReleaseDevel|Mixed Platforms.Build.0 = ReleaseDevel|Win32
		{6496D5C5-33AA-4D0A-8122-FED31DFCF918}.ReleaseDevel|Win32.ActiveCfg = ReleaseDevel|Win32
		{6496D5C5-33AA-4D0A-8122-FED31DFCF918}.ReleaseDevel|Win32.Build.0 = ReleaseDevel|Win32
		{6496D5C5-33AA-4D0A-8122-FED31DFCF918}.ReleaseDevel|x86.ActiveCfg = ReleaseDevel|Win32
		{6496D5C5-33AA-4D0A-8122-FED31DFCF918}.ReleaseStatic|Any CPU.ActiveCfg = ReleaseStatic|Win32
		{6496D5C5-33AA-4D0A-8122-FED31DFCF918}.ReleaseStatic|Mixed Platforms.ActiveCfg = ReleaseStatic|Win32
		{6496D5C5-33AA-4D0A-8122-FED31DFCF918}.ReleaseStatic|Mixed Platforms.Build.0 = ReleaseStatic|Win32
		{6496D5C5-33AA-4D0A-8122-FED31DFCF918}.ReleaseStatic|Win32.ActiveCfg = ReleaseStatic|Win32
		{6496D5C5-33AA-4D0A-8122-FED31DFCF918}.ReleaseStatic|Win32.Build.0 = ReleaseStatic|Win32
		{6496D5C5-33AA-4D0A-8122-FED31DFCF918}.ReleaseStatic|x86.ActiveCfg = ReleaseStatic|Win32
		{019F28AC-4BFF-4620-90A5-DBA4ADB52561}.Debug|Any CPU.ActiveCfg = Debug|Win32
		{019F28AC-4BFF-4620-90A5-DBA4ADB52561}.Debug|Mixed Platforms.ActiveCfg = Debug|Win32
		{019F28AC-4BFF-4620-90A5-DBA4ADB52561}.Debug|Mixed Platforms.Build.0 = Debug|Win32
		{019F28AC-4BFF-4620-90A5-DBA4ADB52561}.Debug|Win32.ActiveCfg = Debug|Win32
		{019F28AC-4BFF-4620-90A5-DBA4ADB52561}.Debug|Win32.Build.0 = Debug|Win32
		{019F28AC-4BFF-4620-90A5-DBA4ADB52561}.Debug|x86.ActiveCfg = Debug|Win32
		{019F28AC-4BFF-4620-90A5-DBA4ADB52561}.Release|Any CPU.ActiveCfg = Release|Win32
		{019F28AC-4BFF-4620-90A5-DBA4ADB52561}.Release|Mixed Platforms.ActiveCfg = Release|Win32
		{019F28AC-4BFF-4620-90A5-DBA4ADB52561}.Release|Mixed Platforms.Build.0 = Release|Win32
		{019F28AC-4BFF-4620-90A5-DBA4ADB52561}.Release|Win32.ActiveCfg = Release|Win32
		{019F28AC-4BFF-4620-90A5-DBA4ADB52561}.Release|Win32.Build.0 = Release|Win32
		{019F28AC-4BFF-4620-90A5-DBA4ADB52561}.Release|x86.ActiveCfg = Release|Win32
		{019F28AC-4BFF-4620-90A5-DBA4ADB52561}.ReleaseDevel|Any CPU.ActiveCfg = ReleaseDevel|Win32
		{019F28AC-4BFF-4620-90A5-DBA4ADB52561}.ReleaseDevel|Mixed Platforms.ActiveCfg = ReleaseDevel|Win32
		{019F28AC-4BFF-4620-90A5-DBA4ADB52561}.ReleaseDevel|Mixed Platforms.Build.0 = ReleaseDevel|Win32
		{019F28AC-4BFF-4620-90A5-DBA4ADB52561}.ReleaseDevel|Win32.ActiveCfg = ReleaseDevel|Win32
		{019F28AC-4BFF-4620-90A5-DBA4ADB52561}.ReleaseDevel|Win32.Build.0 = ReleaseDevel|Win32
		{019F28AC-4BFF-4620-90A5-DBA4ADB52561}.ReleaseDevel|x86.ActiveCfg = ReleaseDevel|Win32
		{019F28AC-4BFF-4620-90A5-DBA4ADB52561}.ReleaseStatic|Any CPU.ActiveCfg = ReleaseStatic|Win32
		{019F28AC-4BFF-4620-90A5-DBA4ADB52561}.ReleaseStatic|Mixed Platforms.ActiveCfg = ReleaseStatic|Win32
		{019F28AC-4BFF-4620-90A5-DBA4ADB52561}.ReleaseStatic|Mixed Platforms.Build.0 = ReleaseStatic|Win32
		{019F28AC-4BFF-4620-90A5-DBA4ADB52561}.ReleaseStatic|Win32.ActiveCfg = ReleaseStatic|Win32
		{019F28AC-4BFF-4620-90A5-DBA4ADB52561}.ReleaseStatic|Win32.Build.0 = ReleaseStatic|Win32
		{019F28AC-4BFF-4620-90A5-DBA4ADB52561}.ReleaseStatic|x86.ActiveCfg = ReleaseStatic|Win32
		{A9AE40FF-1A21-414A-9FE7-3BE13644CC6D}.Debug|Any CPU.ActiveCfg = Debug|Any CPU
		{A9AE40FF-1A21-414A-9FE7-3BE13644CC6D}.Debug|Any CPU.Build.0 = Debug|Any CPU
		{A9AE40FF-1A21-414A-9FE7-3BE13644CC6D}.Debug|Mixed Platforms.ActiveCfg = Debug|Any CPU
		{A9AE40FF-1A21-414A-9FE7-3BE13644CC6D}.Debug|Mixed Platforms.Build.0 = Debug|Any CPU
		{A9AE40FF-1A21-414A-9FE7-3BE13644CC6D}.Debug|Win32.ActiveCfg = Debug|Any CPU
		{A9AE40FF-1A21-414A-9FE7-3BE13644CC6D}.Debug|x86.ActiveCfg = Debug|Any CPU
		{A9AE40FF-1A21-414A-9FE7-3BE13644CC6D}.Release|Any CPU.ActiveCfg = Release|Any CPU
		{A9AE40FF-1A21-414A-9FE7-3BE13644CC6D}.Release|Any CPU.Build.0 = Release|Any CPU
		{A9AE40FF-1A21-414A-9FE7-3BE13644CC6D}.Release|Mixed Platforms.ActiveCfg = Release|Any CPU
		{A9AE40FF-1A21-414A-9FE7-3BE13644CC6D}.Release|Mixed Platforms.Build.0 = Release|Any CPU
		{A9AE40FF-1A21-414A-9FE7-3BE13644CC6D}.Release|Win32.ActiveCfg = Release|Any CPU
		{A9AE40FF-1A21-414A-9FE7-3BE13644CC6D}.Release|x86.ActiveCfg = Release|Any CPU
		{A9AE40FF-1A21-414A-9FE7-3BE13644CC6D}.ReleaseDevel|Any CPU.ActiveCfg = Release|Any CPU
		{A9AE40FF-1A21-414A-9FE7-3BE13644CC6D}.ReleaseDevel|Any CPU.Build.0 = Release|Any CPU
		{A9AE40FF-1A21-414A-9FE7-3BE13644CC6D}.ReleaseDevel|Mixed Platforms.ActiveCfg = Release|Any CPU
		{A9AE40FF-1A21-414A-9FE7-3BE13644CC6D}.ReleaseDevel|Mixed Platforms.Build.0 = Release|Any CPU
		{A9AE40FF-1A21-414A-9FE7-3BE13644CC6D}.ReleaseDevel|Win32.ActiveCfg = Release|Any CPU
		{A9AE40FF-1A21-414A-9FE7-3BE13644CC6D}.ReleaseDevel|x86.ActiveCfg = Release|Any CPU
		{A9AE40FF-1A21-414A-9FE7-3BE13644CC6D}.ReleaseStatic|Any CPU.ActiveCfg = Release|Any CPU
		{A9AE40FF-1A21-414A-9FE7-3BE13644CC6D}.ReleaseStatic|Any CPU.Build.0 = Release|Any CPU
		{A9AE40FF-1A21-414A-9FE7-3BE13644CC6D}.ReleaseStatic|Mixed Platforms.ActiveCfg = Release|Any CPU
		{A9AE40FF-1A21-414A-9FE7-3BE13644CC6D}.ReleaseStatic|Mixed Platforms.Build.0 = Release|Any CPU
		{A9AE40FF-1A21-414A-9FE7-3BE13644CC6D}.ReleaseStatic|Win32.ActiveCfg = Release|Any CPU
		{A9AE40FF-1A21-414A-9FE7-3BE13644CC6D}.ReleaseStatic|x86.ActiveCfg = Release|Any CPU
		{44CEFCCA-C98A-44F6-8440-8083C738F920}.Debug|Any CPU.ActiveCfg = Debug|Win32
		{44CEFCCA-C98A-44F6-8440-8083C738F920}.Debug|Mixed Platforms.ActiveCfg = Debug|Win32
		{44CEFCCA-C98A-44F6-8440-8083C738F920}.Debug|Mixed Platforms.Build.0 = Debug|Win32
		{44CEFCCA-C98A-44F6-8440-8083C738F920}.Debug|Win32.ActiveCfg = Debug|Win32
		{44CEFCCA-C98A-44F6-8440-8083C738F920}.Debug|Win32.Build.0 = Debug|Win32
		{44CEFCCA-C98A-44F6-8440-8083C738F920}.Debug|x86.ActiveCfg = Debug|Win32
		{44CEFCCA-C98A-44F6-8440-8083C738F920}.Release|Any CPU.ActiveCfg = Release|Win32
		{44CEFCCA-C98A-44F6-8440-8083C738F920}.Release|Mixed Platforms.ActiveCfg = Release|Win32
		{44CEFCCA-C98A-44F6-8440-8083C738F920}.Release|Mixed Platforms.Build.0 = Release|Win32
		{44CEFCCA-C98A-44F6-8440-8083C738F920}.Release|Win32.ActiveCfg = Release|Win32
		{44CEFCCA-C98A-44F6-8440-8083C738F920}.Release|Win32.Build.0 = Release|Win32
		{44CEFCCA-C98A-44F6-8440-8083C738F920}.Release|x86.ActiveCfg = Release|Win32
		{44CEFCCA-C98A-44F6-8440-8083C738F920}.ReleaseDevel|Any CPU.ActiveCfg = Release|Win32
		{44CEFCCA-C98A-44F6-8440-8083C738F920}.ReleaseDevel|Mixed Platforms.ActiveCfg = ReleaseDevel|Win32
		{44CEFCCA-C98A-44F6-8440-8083C738F920}.ReleaseDevel|Mixed Platforms.Build.0 = ReleaseDevel|Win32
		{44CEFCCA-C98A-44F6-8440-8083C738F920}.ReleaseDevel|Win32.ActiveCfg = Release|Win32
		{44CEFCCA-C98A-44F6-8440-8083C738F920}.ReleaseDevel|Win32.Build.0 = Release|Win32
		{44CEFCCA-C98A-44F6-8440-8083C738F920}.ReleaseDevel|x86.ActiveCfg = Release|Win32
		{44CEFCCA-C98A-44F6-8440-8083C738F920}.ReleaseStatic|Any CPU.ActiveCfg = Release|Win32
		{44CEFCCA-C98A-44F6-8440-8083C738F920}.ReleaseStatic|Mixed Platforms.ActiveCfg = Release|Win32
		{44CEFCCA-C98A-44F6-8440-8083C738F920}.ReleaseStatic|Mixed Platforms.Build.0 = Release|Win32
		{44CEFCCA-C98A-44F6-8440-8083C738F920}.ReleaseStatic|Win32.ActiveCfg = Release|Win32
		{44CEFCCA-C98A-44F6-8440-8083C738F920}.ReleaseStatic|Win32.Build.0 = Release|Win32
		{44CEFCCA-C98A-44F6-8440-8083C738F920}.ReleaseStatic|x86.ActiveCfg = Release|Win32
		{DA870AA0-858D-4ADE-9F7E-AF0C7578F812}.Debug|Any CPU.ActiveCfg = Debug
		{DA870AA0-858D-4ADE-9F7E-AF0C7578F812}.Debug|Any CPU.Build.0 = Debug
		{DA870AA0-858D-4ADE-9F7E-AF0C7578F812}.Debug|Mixed Platforms.ActiveCfg = Debug
		{DA870AA0-858D-4ADE-9F7E-AF0C7578F812}.Debug|Mixed Platforms.Build.0 = Debug
		{DA870AA0-858D-4ADE-9F7E-AF0C7578F812}.Debug|Win32.ActiveCfg = Debug
		{DA870AA0-858D-4ADE-9F7E-AF0C7578F812}.Debug|Win32.Build.0 = Debug
		{DA870AA0-858D-4ADE-9F7E-AF0C7578F812}.Debug|x86.ActiveCfg = Debug
		{DA870AA0-858D-4ADE-9F7E-AF0C7578F812}.Debug|x86.Build.0 = Debug
		{DA870AA0-858D-4ADE-9F7E-AF0C7578F812}.Release|Any CPU.ActiveCfg = Release
		{DA870AA0-858D-4ADE-9F7E-AF0C7578F812}.Release|Any CPU.Build.0 = Release
		{DA870AA0-858D-4ADE-9F7E-AF0C7578F812}.Release|Mixed Platforms.ActiveCfg = Release
		{DA870AA0-858D-4ADE-9F7E-AF0C7578F812}.Release|Mixed Platforms.Build.0 = Release
		{DA870AA0-858D-4ADE-9F7E-AF0C7578F812}.Release|Win32.ActiveCfg = Release
		{DA870AA0-858D-4ADE-9F7E-AF0C7578F812}.Release|Win32.Build.0 = Release
		{DA870AA0-858D-4ADE-9F7E-AF0C7578F812}.Release|x86.ActiveCfg = Release
		{DA870AA0-858D-4ADE-9F7E-AF0C7578F812}.Release|x86.Build.0 = Release
		{DA870AA0-858D-4ADE-9F7E-AF0C7578F812}.ReleaseDevel|Any CPU.ActiveCfg = Release
		{DA870AA0-858D-4ADE-9F7E-AF0C7578F812}.ReleaseDevel|Any CPU.Build.0 = Release
		{DA870AA0-858D-4ADE-9F7E-AF0C7578F812}.ReleaseDevel|Mixed Platforms.ActiveCfg = Release
		{DA870AA0-858D-4ADE-9F7E-AF0C7578F812}.ReleaseDevel|Mixed Platforms.Build.0 = Release
		{DA870AA0-858D-4ADE-9F7E-AF0C7578F812}.ReleaseDevel|Win32.ActiveCfg = Release
		{DA870AA0-858D-4ADE-9F7E-AF0C7578F812}.ReleaseDevel|Win32.Build.0 = Release
		{DA870AA0-858D-4ADE-9F7E-AF0C7578F812}.ReleaseDevel|x86.ActiveCfg = Release
		{DA870AA0-858D-4ADE-9F7E-AF0C7578F812}.ReleaseDevel|x86.Build.0 = Release
		{DA870AA0-858D-4ADE-9F7E-AF0C7578F812}.ReleaseStatic|Any CPU.ActiveCfg = Release
		{DA870AA0-858D-4ADE-9F7E-AF0C7578F812}.ReleaseStatic|Any CPU.Build.0 = Release
		{DA870AA0-858D-4ADE-9F7E-AF0C7578F812}.ReleaseStatic|Mixed Platforms.ActiveCfg = Release
		{DA870AA0-858D-4ADE-9F7E-AF0C7578F812}.ReleaseStatic|Mixed Platforms.Build.0 = Release
		{DA870AA0-858D-4ADE-9F7E-AF0C7578F812}.ReleaseStatic|Win32.ActiveCfg = Release
		{DA870AA0-858D-4ADE-9F7E-AF0C7578F812}.ReleaseStatic|Win32.Build.0 = Release
		{DA870AA0-858D-4ADE-9F7E-AF0C7578F812}.ReleaseStatic|x86.ActiveCfg = Release
		{DA870AA0-858D-4ADE-9F7E-AF0C7578F812}.ReleaseStatic|x86.Build.0 = Release
	EndGlobalSection
	GlobalSection(SolutionProperties) = preSolution
		HideSolutionNode = FALSE
	EndGlobalSection
	GlobalSection(NestedProjects) = preSolution
		{6FAEFF0E-F5CD-4E5B-9258-DEE9797C7EF7} = {BB1E1A52-66FF-42AC-B128-C69DC761130F}
		{0E7413FF-EB9E-4714-ACF2-BE3A6A7B2FFD} = {BB1E1A52-66FF-42AC-B128-C69DC761130F}
		{5746FC94-510F-454B-96B8-AE85314E5840} = {BB1E1A52-66FF-42AC-B128-C69DC761130F}
		{8679F62B-969D-442E-A551-C866DAC1167C} = {BB1E1A52-66FF-42AC-B128-C69DC761130F}
		{D389EF7C-6E51-4A05-B62B-64AB8CC8D640} = {BB1E1A52-66FF-42AC-B128-C69DC761130F}
		{A589A6B4-BDAB-48CC-8220-909E18AFE065} = {BB1E1A52-66FF-42AC-B128-C69DC761130F}
		{394E6AF7-B75B-4073-910E-D9A79DA9C6D3} = {BB1E1A52-66FF-42AC-B128-C69DC761130F}
		{49C19FCD-8AD9-40D7-AF88-C9285288F192} = {BB1E1A52-66FF-42AC-B128-C69DC761130F}
		{25C839B2-CF74-4E90-AFD0-0A661BFB7D01} = {BB1E1A52-66FF-42AC-B128-C69DC761130F}
		{02F891EC-5D66-4FE4-B00E-83739B53F748} = {BB1E1A52-66FF-42AC-B128-C69DC761130F}
		{F19F28AC-4BFF-4620-90A5-DBA4ADB52561} = {BB1E1A52-66FF-42AC-B128-C69DC761130F}
		{1C97DE37-B221-4724-829F-0180AD20DDDB} = {33165740-6CE6-4E2F-98BA-9911378B3B4F}
		{0873BB1E-F7E5-4104-9A4F-E66FD891A407} = {33165740-6CE6-4E2F-98BA-9911378B3B4F}
		{EEE4DE1D-35B2-4D0B-B35C-C71449E71D96} = {BB1E1A52-66FF-42AC-B128-C69DC761130F}
		{80032696-33A0-4D2F-9992-2466DD9D9E5D} = {33165740-6CE6-4E2F-98BA-9911378B3B4F}
		{7DC204FC-E590-4D66-B0C8-A105FBFB31E0} = {33165740-6CE6-4E2F-98BA-9911378B3B4F}
		{FC7F414F-10DE-4467-A517-AF5A3EB4CB2E} = {33165740-6CE6-4E2F-98BA-9911378B3B4F}
		{C44D565B-5820-4EE5-8311-7D6D25AD3773} = {BB1E1A52-66FF-42AC-B128-C69DC761130F}
		{2DEA036B-06D7-462B-81CD-FD4D0304B284} = {BB1E1A52-66FF-42AC-B128-C69DC761130F}
		{8A5305B8-C956-4240-B9EB-8FA4DD4DEEC8} = {BB1E1A52-66FF-42AC-B128-C69DC761130F}
		{3724C15A-3997-4A92-85E3-36E9C3873E6F} = {33165740-6CE6-4E2F-98BA-9911378B3B4F}
		{D2BD4A88-7099-4BCD-AE2C-4E6DB256F402} = {BB1E1A52-66FF-42AC-B128-C69DC761130F}
		{6496D5C5-33AA-4D0A-8122-FED31DFCF918} = {33165740-6CE6-4E2F-98BA-9911378B3B4F}
		{019F28AC-4BFF-4620-90A5-DBA4ADB52561} = {BB1E1A52-66FF-42AC-B128-C69DC761130F}
		{A71E2E7B-8D18-43DE-9D67-76F6BB292BCD} = {BB1E1A52-66FF-42AC-B128-C69DC761130F}
		{A9AE40FF-1A21-414A-9FE7-3BE13644CC6D} = {A71E2E7B-8D18-43DE-9D67-76F6BB292BCD}
		{44CEFCCA-C98A-44F6-8440-8083C738F920} = {BB1E1A52-66FF-42AC-B128-C69DC761130F}
		{DA870AA0-858D-4ADE-9F7E-AF0C7578F812} = {33165740-6CE6-4E2F-98BA-9911378B3B4F}
	EndGlobalSection
	GlobalSection(ExtensibilityGlobals) = postSolution
		SolutionGuid = {302954F6-5481-4D81-A8DD-E0F901662E11}
	EndGlobalSection
EndGlobal
