<?xml version="1.0" encoding="utf-8"?>
<Project ToolsVersion="4.0" xmlns="http://schemas.microsoft.com/developer/msbuild/2003">
  <ItemGroup>
    <Filter Include="Header Files">
      <UniqueIdentifier>{93995380-89BD-4b04-88EB-625FBE52EBFB}</UniqueIdentifier>
      <Extensions>h;hpp;hxx;hm;inl;inc;xsd</Extensions>
    </Filter>
    <Filter Include="Header Files\DDK">
      <UniqueIdentifier>{cb61c4b2-e219-43a5-987d-dffdada43a30}</UniqueIdentifier>
    </Filter>
    <Filter Include="Resource Files">
      <UniqueIdentifier>{67DA6AB6-F800-4c08-8B7A-83BB121AAD01}</UniqueIdentifier>
      <Extensions>rc;ico;cur;bmp;dlg;rc2;rct;bin;rgs;gif;jpg;jpeg;jpe;resx;tiff;tif;png;wav</Extensions>
    </Filter>
    <Filter Include="Source Files">
      <UniqueIdentifier>{4FC737F1-C7A5-4376-A066-2A32D752A2FF}</UniqueIdentifier>
      <Extensions>cpp;c;cc;cxx;def;odl;idl;hpj;bat;asm;asmx</Extensions>
    </Filter>
    <Filter Include="mp4mux">
      <UniqueIdentifier>{b32f657e-8919-4d6d-ad6b-3cabb218ad1b}</UniqueIdentifier>
    </Filter>
  </ItemGroup>
  <ItemGroup>
    <ClInclude Include="AnalogTuner.h">
      <Filter>Header Files</Filter>
    </ClInclude>
    <ClInclude Include="Ap4AsyncReaderStream.h">
      <Filter>Header Files</Filter>
    </ClInclude>
    <ClInclude Include="AsyncReader.h">
      <Filter>Header Files</Filter>
    </ClInclude>
    <ClInclude Include="AudioSwitcher.h">
      <Filter>Header Files</Filter>
    </ClInclude>
    <ClInclude Include="AviFile.h">
      <Filter>Header Files</Filter>
    </ClInclude>
    <ClInclude Include="AviSplitter.h">
      <Filter>Header Files</Filter>
    </ClInclude>
    <ClInclude Include="BaseMuxer.h">
      <Filter>Header Files</Filter>
    </ClInclude>
    <ClInclude Include="BaseSource.h">
      <Filter>Header Files</Filter>
    </ClInclude>
    <ClInclude Include="BaseSplitter.h">
      <Filter>Header Files</Filter>
    </ClInclude>
    <ClInclude Include="BaseSplitterFile.h">
      <Filter>Header Files</Filter>
    </ClInclude>
    <ClInclude Include="BaseVideo.h">
      <Filter>Header Files</Filter>
    </ClInclude>
    <ClInclude Include="BitBlt.h">
      <Filter>Header Files</Filter>
    </ClInclude>
    <ClInclude Include="BitStream.h">
      <Filter>Header Files</Filter>
    </ClInclude>
    <ClInclude Include="BufferFilter.h">
      <Filter>Header Files</Filter>
    </ClInclude>
    <ClInclude Include="CDDAReader.h">
      <Filter>Header Files</Filter>
    </ClInclude>
    <ClInclude Include="CDXAReader.h">
      <Filter>Header Files</Filter>
    </ClInclude>
    <ClInclude Include="ColorConverter.h">
      <Filter>Header Files</Filter>
    </ClInclude>
    <ClInclude Include="CSA.h">
      <Filter>Header Files</Filter>
    </ClInclude>
    <ClInclude Include="DDK\devioctl.h">
      <Filter>Header Files\DDK</Filter>
    </ClInclude>
    <ClInclude Include="DDK\ntddcdrm.h">
      <Filter>Header Files\DDK</Filter>
    </ClInclude>
    <ClInclude Include="DDK\ntddcdvd.h">
      <Filter>Header Files\DDK</Filter>
    </ClInclude>
    <ClInclude Include="DDK\ntdddisk.h">
      <Filter>Header Files\DDK</Filter>
    </ClInclude>
    <ClInclude Include="DDK\ntddstor.h">
      <Filter>Header Files\DDK</Filter>
    </ClInclude>
    <ClInclude Include="DeCSSInputPin.h">
      <Filter>Header Files</Filter>
    </ClInclude>
    <ClInclude Include="Deinterlacer.h">
      <Filter>Header Files</Filter>
    </ClInclude>
    <ClInclude Include="DirectShow.h">
      <Filter>Header Files</Filter>
    </ClInclude>
    <ClInclude Include="DSM.h">
      <Filter>Header Files</Filter>
    </ClInclude>
    <ClInclude Include="DSMMultiSource.h">
      <Filter>Header Files</Filter>
    </ClInclude>
    <ClInclude Include="DSMPropertyBag.h">
      <Filter>Header Files</Filter>
    </ClInclude>
    <ClInclude Include="DSMSink.h">
      <Filter>Header Files</Filter>
    </ClInclude>
    <ClInclude Include="DSMSplitter.h">
      <Filter>Header Files</Filter>
    </ClInclude>
    <ClInclude Include="DSMSplitterFile.h">
      <Filter>Header Files</Filter>
    </ClInclude>
    <ClInclude Include="DTSAC3Source.h">
      <Filter>Header Files</Filter>
    </ClInclude>
    <ClInclude Include="DVBCTuner.h">
      <Filter>Header Files</Filter>
    </ClInclude>
    <ClInclude Include="DVBFTuner.h">
      <Filter>Header Files</Filter>
    </ClInclude>
    <ClInclude Include="DVBSTuner.h">
      <Filter>Header Files</Filter>
    </ClInclude>
    <ClInclude Include="DVBTTuner.h">
      <Filter>Header Files</Filter>
    </ClInclude>
    <ClInclude Include="DVBTuner.h">
      <Filter>Header Files</Filter>
    </ClInclude>
    <ClInclude Include="DXVADecoder.h">
      <Filter>Header Files</Filter>
    </ClInclude>
    <ClInclude Include="DXVADecoderAllocator.h">
      <Filter>Header Files</Filter>
    </ClInclude>
    <ClInclude Include="DXVADecoderFilter.h">
      <Filter>Header Files</Filter>
    </ClInclude>
    <ClInclude Include="DXVADecoderH264.h">
      <Filter>Header Files</Filter>
    </ClInclude>
    <ClInclude Include="DXVADecoderMpeg2.h">
      <Filter>Header Files</Filter>
    </ClInclude>
    <ClInclude Include="DXVADecoderOutputPin.h">
      <Filter>Header Files</Filter>
    </ClInclude>
    <ClInclude Include="DXVADecoderVC1.h">
      <Filter>Header Files</Filter>
    </ClInclude>
    <ClInclude Include="EVRMixerPresenter.h">
      <Filter>Header Files</Filter>
    </ClInclude>
    <ClInclude Include="FakeTIF.h">
      <Filter>Header Files</Filter>
    </ClInclude>
    <ClInclude Include="FGFilter.h">
      <Filter>Header Files</Filter>
    </ClInclude>
    <ClInclude Include="FGManager.h">
      <Filter>Header Files</Filter>
    </ClInclude>
    <ClInclude Include="Filters.h">
      <Filter>Header Files</Filter>
    </ClInclude>
    <ClInclude Include="FireDTV.h">
      <Filter>Header Files</Filter>
    </ClInclude>
    <ClInclude Include="FLVSplitter.h">
      <Filter>Header Files</Filter>
    </ClInclude>
    <ClInclude Include="FontInstaller.h">
      <Filter>Header Files</Filter>
    </ClInclude>
    <ClInclude Include="GenericTuner.h">
      <Filter>Header Files</Filter>
    </ClInclude>
    <ClInclude Include="H264Nalu.h">
      <Filter>Header Files</Filter>
    </ClInclude>
    <ClInclude Include="HttpReader.h">
      <Filter>Header Files</Filter>
    </ClInclude>
    <ClInclude Include="IFilterVersion.h">
      <Filter>Header Files</Filter>
    </ClInclude>
    <ClInclude Include="IGraphBuilder2.h">
      <Filter>Header Files</Filter>
    </ClInclude>
    <ClInclude Include="IKeyFrameInfo.h">
      <Filter>Header Files</Filter>
    </ClInclude>
    <ClInclude Include="ImageGrabber.h">
      <Filter>Header Files</Filter>
    </ClInclude>
    <ClInclude Include="IMpaDecFilter.h">
      <Filter>Header Files</Filter>
    </ClInclude>
    <ClInclude Include="IMPEG2Decoder.h">
      <Filter>Header Files</Filter>
    </ClInclude>
    <ClInclude Include="IVideoPresenter.h">
      <Filter>Header Files</Filter>
    </ClInclude>
    <ClInclude Include="JPEGEncoder.h">
      <Filter>Header Files</Filter>
    </ClInclude>
    <ClInclude Include="libavcodec.h">
      <Filter>Header Files</Filter>
    </ClInclude>
    <ClInclude Include="libmpeg2.h">
      <Filter>Header Files</Filter>
    </ClInclude>
    <ClInclude Include="M3USource.h">
      <Filter>Header Files</Filter>
    </ClInclude>
    <ClInclude Include="MatroskaSplitter.h">
      <Filter>Header Files</Filter>
    </ClInclude>
    <ClInclude Include="MediaTypeEx.h">
      <Filter>Header Files</Filter>
    </ClInclude>
    <ClInclude Include="moreuuids.h">
      <Filter>Header Files</Filter>
    </ClInclude>
    <ClInclude Include="MP4Splitter.h">
      <Filter>Header Files</Filter>
    </ClInclude>
    <ClInclude Include="MP4SplitterFile.h">
      <Filter>Header Files</Filter>
    </ClInclude>
    <ClInclude Include="MPADecFilter.h">
      <Filter>Header Files</Filter>
    </ClInclude>
    <ClInclude Include="MPASplitter.h">
      <Filter>Header Files</Filter>
    </ClInclude>
    <ClInclude Include="MPASplitterFile.h">
      <Filter>Header Files</Filter>
    </ClInclude>
    <ClInclude Include="MPEG2Decoder.h">
      <Filter>Header Files</Filter>
    </ClInclude>
    <ClInclude Include="MPEG2Encoder.h">
      <Filter>Header Files</Filter>
    </ClInclude>
    <ClInclude Include="MPEGSplitter.h">
      <Filter>Header Files</Filter>
    </ClInclude>
    <ClInclude Include="MPEGSplitterFile.h">
      <Filter>Header Files</Filter>
    </ClInclude>
    <ClInclude Include="NullRenderer.h">
      <Filter>Header Files</Filter>
    </ClInclude>
    <ClInclude Include="OggFile.h">
      <Filter>Header Files</Filter>
    </ClInclude>
    <ClInclude Include="OggSplitter.h">
      <Filter>Header Files</Filter>
    </ClInclude>
    <ClInclude Include="RealMediaSplitter.h">
      <Filter>Header Files</Filter>
    </ClInclude>
    <ClInclude Include="RTMPSource.h">
      <Filter>Header Files</Filter>
    </ClInclude>
    <ClInclude Include="Silverlight.h">
      <Filter>Header Files</Filter>
    </ClInclude>
    <ClInclude Include="SilverlightSource.h">
      <Filter>Header Files</Filter>
    </ClInclude>
    <ClInclude Include="SmartCard.h">
      <Filter>Header Files</Filter>
    </ClInclude>
    <ClInclude Include="stdafx.h">
      <Filter>Header Files</Filter>
    </ClInclude>
    <ClInclude Include="StreamSwitcher.h">
      <Filter>Header Files</Filter>
    </ClInclude>
    <ClInclude Include="SubInputPin.h">
      <Filter>Header Files</Filter>
    </ClInclude>
    <ClInclude Include="SubPassThruFilter.h">
      <Filter>Header Files</Filter>
    </ClInclude>
    <ClInclude Include="SubProvider.h">
      <Filter>Header Files</Filter>
    </ClInclude>
    <ClInclude Include="targetver.h">
      <Filter>Header Files</Filter>
    </ClInclude>
    <ClInclude Include="TextSubProvider.h">
      <Filter>Header Files</Filter>
    </ClInclude>
    <ClInclude Include="ThreadSafeQueue.h">
      <Filter>Header Files</Filter>
    </ClInclude>
    <ClInclude Include="TSDemux.h">
      <Filter>Header Files</Filter>
    </ClInclude>
    <ClInclude Include="Tuners.h">
      <Filter>Header Files</Filter>
    </ClInclude>
    <ClInclude Include="VMR9AllocatorPresenter.h">
      <Filter>Header Files</Filter>
    </ClInclude>
    <ClInclude Include="VobSubProvider.h">
      <Filter>Header Files</Filter>
    </ClInclude>
    <ClInclude Include="VP62.h">
      <Filter>Header Files</Filter>
    </ClInclude>
    <ClInclude Include="FLACSplitter.h">
      <Filter>Header Files</Filter>
    </ClInclude>
    <ClInclude Include="TeletextFilter.h">
      <Filter>Header Files</Filter>
    </ClInclude>
    <ClInclude Include="DSMMuxer.h">
      <Filter>Header Files</Filter>
    </ClInclude>
    <ClInclude Include="TSSink.h">
      <Filter>Header Files</Filter>
    </ClInclude>
    <ClInclude Include="H264Decoder.h">
      <Filter>Header Files</Filter>
    </ClInclude>
    <ClInclude Include="TSWriter.h">
      <Filter>Header Files</Filter>
    </ClInclude>
    <ClInclude Include="StrobeSource.h">
      <Filter>Header Files</Filter>
    </ClInclude>
    <ClInclude Include="Strobe.h">
      <Filter>Header Files</Filter>
    </ClInclude>
    <ClInclude Include="MatroskaReader.h">
      <Filter>Header Files</Filter>
    </ClInclude>
    <ClInclude Include="MatroskaWriter.h">
      <Filter>Header Files</Filter>
    </ClInclude>
    <ClInclude Include="MatroskaMuxer.h">
      <Filter>Header Files</Filter>
    </ClInclude>
    <ClInclude Include="WinTVCI.h">
      <Filter>Header Files</Filter>
    </ClInclude>
    <ClInclude Include="fft.h">
      <Filter>Header Files</Filter>
    </ClInclude>
    <ClInclude Include="mp4mux\MovieWriter.h">
      <Filter>mp4mux</Filter>
    </ClInclude>
    <ClInclude Include="mp4mux\MuxFilter.h">
      <Filter>mp4mux</Filter>
    </ClInclude>
    <ClInclude Include="mp4mux\NALUnit.h">
      <Filter>mp4mux</Filter>
    </ClInclude>
    <ClInclude Include="mp4mux\ParseBuffer.h">
      <Filter>mp4mux</Filter>
    </ClInclude>
    <ClInclude Include="mp4mux\smartptr.h">
      <Filter>mp4mux</Filter>
    </ClInclude>
    <ClInclude Include="mp4mux\TypeHandler.h">
      <Filter>mp4mux</Filter>
    </ClInclude>
    <ClInclude Include="H264Encoder.h">
      <Filter>Source Files</Filter>
    </ClInclude>
    <ClInclude Include="GenericPlayer.h">
      <Filter>Header Files</Filter>
    </ClInclude>
    <ClInclude Include="Monogram_aac.h">
      <Filter>Header Files</Filter>
    </ClInclude>
    <ClInclude Include="Monogram_x264.h">
      <Filter>Header Files</Filter>
    </ClInclude>
  </ItemGroup>
  <ItemGroup>
    <ClCompile Include="AnalogTuner.cpp">
      <Filter>Source Files</Filter>
    </ClCompile>
    <ClCompile Include="Ap4AsyncReaderStream.cpp">
      <Filter>Source Files</Filter>
    </ClCompile>
    <ClCompile Include="AsyncReader.cpp">
      <Filter>Source Files</Filter>
    </ClCompile>
    <ClCompile Include="AudioSwitcher.cpp">
      <Filter>Source Files</Filter>
    </ClCompile>
    <ClCompile Include="AviFile.cpp">
      <Filter>Source Files</Filter>
    </ClCompile>
    <ClCompile Include="AviSplitter.cpp">
      <Filter>Source Files</Filter>
    </ClCompile>
    <ClCompile Include="BaseMuxer.cpp">
      <Filter>Source Files</Filter>
    </ClCompile>
    <ClCompile Include="BaseSource.cpp">
      <Filter>Source Files</Filter>
    </ClCompile>
    <ClCompile Include="BaseSplitter.cpp">
      <Filter>Source Files</Filter>
    </ClCompile>
    <ClCompile Include="BaseSplitterFile.cpp">
      <Filter>Source Files</Filter>
    </ClCompile>
    <ClCompile Include="BaseVideo.cpp">
      <Filter>Source Files</Filter>
    </ClCompile>
    <ClCompile Include="BitBlt.cpp">
      <Filter>Source Files</Filter>
    </ClCompile>
    <ClCompile Include="BitStream.cpp">
      <Filter>Source Files</Filter>
    </ClCompile>
    <ClCompile Include="BufferFilter.cpp">
      <Filter>Source Files</Filter>
    </ClCompile>
    <ClCompile Include="CDDAReader.cpp">
      <Filter>Source Files</Filter>
    </ClCompile>
    <ClCompile Include="CDXAReader.cpp">
      <Filter>Source Files</Filter>
    </ClCompile>
    <ClCompile Include="ColorConverter.cpp">
      <Filter>Source Files</Filter>
    </ClCompile>
    <ClCompile Include="CSA.cpp">
      <Filter>Source Files</Filter>
    </ClCompile>
    <ClCompile Include="DeCSSInputPin.cpp">
      <Filter>Source Files</Filter>
    </ClCompile>
    <ClCompile Include="Deinterlacer.cpp">
      <Filter>Source Files</Filter>
    </ClCompile>
    <ClCompile Include="DirectShow.cpp">
      <Filter>Source Files</Filter>
    </ClCompile>
    <ClCompile Include="DSMMultiSource.cpp">
      <Filter>Source Files</Filter>
    </ClCompile>
    <ClCompile Include="DSMPropertyBag.cpp">
      <Filter>Source Files</Filter>
    </ClCompile>
    <ClCompile Include="DSMSink.cpp">
      <Filter>Source Files</Filter>
    </ClCompile>
    <ClCompile Include="DSMSplitter.cpp">
      <Filter>Source Files</Filter>
    </ClCompile>
    <ClCompile Include="DSMSplitterFile.cpp">
      <Filter>Source Files</Filter>
    </ClCompile>
    <ClCompile Include="DTSAC3Source.cpp">
      <Filter>Source Files</Filter>
    </ClCompile>
    <ClCompile Include="DVBCTuner.cpp">
      <Filter>Source Files</Filter>
    </ClCompile>
    <ClCompile Include="DVBFTuner.cpp">
      <Filter>Source Files</Filter>
    </ClCompile>
    <ClCompile Include="DVBSTuner.cpp">
      <Filter>Source Files</Filter>
    </ClCompile>
    <ClCompile Include="DVBTTuner.cpp">
      <Filter>Source Files</Filter>
    </ClCompile>
    <ClCompile Include="DVBTuner.cpp">
      <Filter>Source Files</Filter>
    </ClCompile>
    <ClCompile Include="DXVADecoder.cpp">
      <Filter>Source Files</Filter>
    </ClCompile>
    <ClCompile Include="DXVADecoderAllocator.cpp">
      <Filter>Source Files</Filter>
    </ClCompile>
    <ClCompile Include="DXVADecoderFilter.cpp">
      <Filter>Source Files</Filter>
    </ClCompile>
    <ClCompile Include="DXVADecoderH264.cpp">
      <Filter>Source Files</Filter>
    </ClCompile>
    <ClCompile Include="DXVADecoderMpeg2.cpp">
      <Filter>Source Files</Filter>
    </ClCompile>
    <ClCompile Include="DXVADecoderOutputPin.cpp">
      <Filter>Source Files</Filter>
    </ClCompile>
    <ClCompile Include="DXVADecoderVC1.cpp">
      <Filter>Source Files</Filter>
    </ClCompile>
    <ClCompile Include="EVRMixerPresenter.cpp">
      <Filter>Source Files</Filter>
    </ClCompile>
    <ClCompile Include="FakeTIF.cpp">
      <Filter>Source Files</Filter>
    </ClCompile>
    <ClCompile Include="FGFilter.cpp">
      <Filter>Source Files</Filter>
    </ClCompile>
    <ClCompile Include="FGManager.cpp">
      <Filter>Source Files</Filter>
    </ClCompile>
    <ClCompile Include="FLVSplitter.cpp">
      <Filter>Source Files</Filter>
    </ClCompile>
    <ClCompile Include="FontInstaller.cpp">
      <Filter>Source Files</Filter>
    </ClCompile>
    <ClCompile Include="GenericTuner.cpp">
      <Filter>Source Files</Filter>
    </ClCompile>
    <ClCompile Include="H264Nalu.cpp">
      <Filter>Source Files</Filter>
    </ClCompile>
    <ClCompile Include="HttpReader.cpp">
      <Filter>Source Files</Filter>
    </ClCompile>
    <ClCompile Include="idct_sse2.cpp">
      <Filter>Source Files</Filter>
    </ClCompile>
    <ClCompile Include="ImageGrabber.cpp">
      <Filter>Source Files</Filter>
    </ClCompile>
    <ClCompile Include="JPEGEncoder.cpp">
      <Filter>Source Files</Filter>
    </ClCompile>
    <ClCompile Include="libavcodec.cpp">
      <Filter>Source Files</Filter>
    </ClCompile>
    <ClCompile Include="libmpeg2.cpp">
      <Filter>Source Files</Filter>
    </ClCompile>
    <ClCompile Include="M3USource.cpp">
      <Filter>Source Files</Filter>
    </ClCompile>
    <ClCompile Include="MatroskaSplitter.cpp">
      <Filter>Source Files</Filter>
    </ClCompile>
    <ClCompile Include="mc_sse2.cpp">
      <Filter>Source Files</Filter>
    </ClCompile>
    <ClCompile Include="MediaTypeEx.cpp">
      <Filter>Source Files</Filter>
    </ClCompile>
    <ClCompile Include="MP4Splitter.cpp">
      <Filter>Source Files</Filter>
    </ClCompile>
    <ClCompile Include="MP4SplitterFile.cpp">
      <Filter>Source Files</Filter>
    </ClCompile>
    <ClCompile Include="MPADecFilter.cpp">
      <Filter>Source Files</Filter>
    </ClCompile>
    <ClCompile Include="MPASplitter.cpp">
      <Filter>Source Files</Filter>
    </ClCompile>
    <ClCompile Include="MPASplitterFile.cpp">
      <Filter>Source Files</Filter>
    </ClCompile>
    <ClCompile Include="MPEG2Decoder.cpp">
      <Filter>Source Files</Filter>
    </ClCompile>
    <ClCompile Include="MPEG2Encoder.cpp">
      <Filter>Source Files</Filter>
    </ClCompile>
    <ClCompile Include="MPEGSplitter.cpp">
      <Filter>Source Files</Filter>
    </ClCompile>
    <ClCompile Include="MPEGSplitterFile.cpp">
      <Filter>Source Files</Filter>
    </ClCompile>
    <ClCompile Include="NullRenderer.cpp">
      <Filter>Source Files</Filter>
    </ClCompile>
    <ClCompile Include="OggFile.cpp">
      <Filter>Source Files</Filter>
    </ClCompile>
    <ClCompile Include="OggSplitter.cpp">
      <Filter>Source Files</Filter>
    </ClCompile>
    <ClCompile Include="RealMediaSplitter.cpp">
      <Filter>Source Files</Filter>
    </ClCompile>
    <ClCompile Include="RTMPSource.cpp">
      <Filter>Source Files</Filter>
    </ClCompile>
    <ClCompile Include="SilverlightSource.cpp">
      <Filter>Source Files</Filter>
    </ClCompile>
    <ClCompile Include="SmartCard.cpp">
      <Filter>Source Files</Filter>
    </ClCompile>
    <ClCompile Include="stdafx.cpp">
      <Filter>Source Files</Filter>
    </ClCompile>
    <ClCompile Include="StreamSwitcher.cpp">
      <Filter>Source Files</Filter>
    </ClCompile>
    <ClCompile Include="SubInputPin.cpp">
      <Filter>Source Files</Filter>
    </ClCompile>
    <ClCompile Include="SubPassThruFilter.cpp">
      <Filter>Source Files</Filter>
    </ClCompile>
    <ClCompile Include="SubProvider.cpp">
      <Filter>Source Files</Filter>
    </ClCompile>
    <ClCompile Include="TextSubProvider.cpp">
      <Filter>Source Files</Filter>
    </ClCompile>
    <ClCompile Include="TSDemux.cpp">
      <Filter>Source Files</Filter>
    </ClCompile>
    <ClCompile Include="VMR9AllocatorPresenter.cpp">
      <Filter>Source Files</Filter>
    </ClCompile>
    <ClCompile Include="VobSubProvider.cpp">
      <Filter>Source Files</Filter>
    </ClCompile>
    <ClCompile Include="VP62.cpp">
      <Filter>Source Files</Filter>
    </ClCompile>
    <ClCompile Include="FLACSplitter.cpp">
      <Filter>Source Files</Filter>
    </ClCompile>
    <ClCompile Include="TeletextFilter.cpp">
      <Filter>Source Files</Filter>
    </ClCompile>
    <ClCompile Include="DSMMuxer.cpp">
      <Filter>Source Files</Filter>
    </ClCompile>
    <ClCompile Include="TSSink.cpp">
      <Filter>Source Files</Filter>
    </ClCompile>
    <ClCompile Include="H264Decoder.cpp">
      <Filter>Source Files</Filter>
    </ClCompile>
    <ClCompile Include="strsafe.cpp">
      <Filter>Source Files</Filter>
    </ClCompile>
    <ClCompile Include="TSWriter.cpp">
      <Filter>Source Files</Filter>
    </ClCompile>
    <ClCompile Include="StrobeSource.cpp">
      <Filter>Source Files</Filter>
    </ClCompile>
    <ClCompile Include="MatroskaReader.cpp">
      <Filter>Source Files</Filter>
    </ClCompile>
    <ClCompile Include="MatroskaWriter.cpp">
      <Filter>Source Files</Filter>
    </ClCompile>
    <ClCompile Include="MatroskaMuxer.cpp">
      <Filter>Source Files</Filter>
    </ClCompile>
    <ClCompile Include="WinTVCI.cpp">
      <Filter>Source Files</Filter>
    </ClCompile>
    <ClCompile Include="fft.cpp">
      <Filter>Source Files</Filter>
    </ClCompile>
    <ClCompile Include="mp4mux\MovieWriter.cpp">
      <Filter>mp4mux</Filter>
    </ClCompile>
    <ClCompile Include="mp4mux\MuxFilter.cpp">
      <Filter>mp4mux</Filter>
    </ClCompile>
    <ClCompile Include="mp4mux\NALUnit.cpp">
      <Filter>mp4mux</Filter>
    </ClCompile>
    <ClCompile Include="mp4mux\ParseBuffer.cpp">
      <Filter>mp4mux</Filter>
    </ClCompile>
    <ClCompile Include="mp4mux\TypeHandler.cpp">
      <Filter>mp4mux</Filter>
    </ClCompile>
    <ClCompile Include="H264Encoder.cpp">
      <Filter>Source Files</Filter>
    </ClCompile>
    <ClCompile Include="GenericPlayer.cpp">
      <Filter>Source Files</Filter>
    </ClCompile>
  </ItemGroup>
  <ItemGroup>
    <None Include="JPEGEncoderTables.inl">
      <Filter>Header Files</Filter>
    </None>
    <None Include="Teletext.inc">
      <Filter>Header Files</Filter>
    </None>
    <None Include="fft_radix2.inl">
      <Filter>Header Files</Filter>
    </None>
    <None Include="fft_radix4.inl">
      <Filter>Header Files</Filter>
    </None>
    <None Include="fft_sse.inl">
      <Filter>Header Files</Filter>
    </None>
  </ItemGroup>
  <ItemGroup>
    <MASM Include="a_yuv2rgb.asm">
      <Filter>Source Files</Filter>
    </MASM>
    <MASM Include="a_yuvtable.asm">
      <Filter>Source Files</Filter>
    </MASM>
    <MASM Include="convert_a.asm">
      <Filter>Source Files</Filter>
    </MASM>
  </ItemGroup>
</Project>